PODS:
  - CGRPCZlib (1.0.0)
  - CNIOAtomics (2.27.0)
  - CNIOBoringSSL (2.10.5)
  - CNIOBoringSSLShims (2.10.5):
    - CNIOBoringSSL (= 2.10.5)
  - CNIODarwin (2.27.0)
  - CNIOHTTPParser (2.27.0)
  - CNIOLinux (2.27.0)
  - CNIOWindows (2.27.0)
  - gRPC-Swift (1.0.0):
    - CGRPCZlib (= 1.0.0)
    - Logging (< 2.0.0, >= 1.4.0)
    - SwiftNIO (< 3.0.0, >= 2.22.0)
    - SwiftNIOExtras (< 2.0.0, >= 1.4.0)
    - SwiftNIOHTTP2 (< 2.0.0, >= 1.16.1)
    - SwiftNIOSSL (< 3.0.0, >= 2.8.0)
    - SwiftNIOTransportServices (< 2.0.0, >= 1.6.0)
    - SwiftProtobuf (< 2.0.0, >= 1.9.0)
  - gRPC-Swift-Plugins (1.0.0):
    - gRPC-Swift (= 1.0.0)
  - KRActivityIndicatorView (3.0.5)
  - KRProgressHUD (3.4.5):
    - KRActivityIndicatorView (= 3.0.5)
  - Logging (1.4.0)
  - MnemonicSwift (2.0.0)
  - NotificationBubbles (0.1.1)
  - PaginatedTableView (1.0.1)
  - SQLite.swift (0.12.2):
    - SQLite.swift/standard (= 0.12.2)
  - SQLite.swift/standard (0.12.2)
  - SwiftNIO (2.27.0):
    - CNIODarwin (= 2.27.0)
    - CNIOLinux (= 2.27.0)
    - CNIOWindows (= 2.27.0)
    - SwiftNIOConcurrencyHelpers (= 2.27.0)
  - SwiftNIOConcurrencyHelpers (2.27.0):
    - CNIOAtomics (= 2.27.0)
  - SwiftNIOExtras (1.8.0):
    - SwiftNIO (< 3, >= 2.9.0)
  - SwiftNIOFoundationCompat (2.27.0):
    - SwiftNIO (= 2.27.0)
  - SwiftNIOHPACK (1.16.3):
    - SwiftNIO (< 3, >= 2.18.0)
    - SwiftNIOConcurrencyHelpers (< 3, >= 2.18.0)
    - SwiftNIOHTTP1 (< 3, >= 2.18.0)
  - SwiftNIOHTTP1 (2.27.0):
    - CNIOHTTPParser (= 2.27.0)
    - SwiftNIO (= 2.27.0)
    - SwiftNIOConcurrencyHelpers (= 2.27.0)
  - SwiftNIOHTTP2 (1.16.3):
    - SwiftNIO (< 3, >= 2.18.0)
    - SwiftNIOConcurrencyHelpers (< 3, >= 2.18.0)
    - SwiftNIOHPACK (= 1.16.3)
    - SwiftNIOHTTP1 (< 3, >= 2.18.0)
    - SwiftNIOTLS (< 3, >= 2.18.0)
  - SwiftNIOSSL (2.10.5):
    - CNIOBoringSSL (= 2.10.5)
    - CNIOBoringSSLShims (= 2.10.5)
    - SwiftNIO (< 3, >= 2.15.0)
    - SwiftNIOConcurrencyHelpers (< 3, >= 2.15.0)
    - SwiftNIOTLS (< 3, >= 2.15.0)
  - SwiftNIOTLS (2.27.0):
    - SwiftNIO (= 2.27.0)
  - SwiftNIOTransportServices (1.9.2):
    - SwiftNIO (< 3, >= 2.19.0)
    - SwiftNIOConcurrencyHelpers (< 3, >= 2.19.0)
    - SwiftNIOFoundationCompat (< 3, >= 2.19.0)
    - SwiftNIOTLS (< 3, >= 2.19.0)
  - SwiftProtobuf (1.16.0)
  - ZcashLightClientKit (0.12.0-beta.5):
    - gRPC-Swift (= 1.0.0)
    - SQLite.swift (~> 0.12.2)
  - ZcashLightClientKit/DerivationToolTests (0.12.0-beta.5):
    - gRPC-Swift (= 1.0.0)
    - SQLite.swift (~> 0.12.2)
  - ZcashLightClientKit/Tests (0.12.0-beta.5):
    - gRPC-Swift (= 1.0.0)
    - SQLite.swift (~> 0.12.2)

DEPENDENCIES:
  - gRPC-Swift (= 1.0.0)
  - gRPC-Swift-Plugins (= 1.0.0)
  - KRProgressHUD
  - MnemonicSwift (~> 2.0.0)
  - NotificationBubbles
  - PaginatedTableView
  - ZcashLightClientKit (from `../../`)
  - ZcashLightClientKit/DerivationToolTests (from `../../`)
  - ZcashLightClientKit/Tests (from `../../`)

SPEC REPOS:
  trunk:
    - CGRPCZlib
    - CNIOAtomics
    - CNIOBoringSSL
    - CNIOBoringSSLShims
    - CNIODarwin
    - CNIOHTTPParser
    - CNIOLinux
    - CNIOWindows
    - gRPC-Swift
    - gRPC-Swift-Plugins
    - KRActivityIndicatorView
    - KRProgressHUD
    - Logging
    - MnemonicSwift
    - NotificationBubbles
    - PaginatedTableView
    - SQLite.swift
    - SwiftNIO
    - SwiftNIOConcurrencyHelpers
    - SwiftNIOExtras
    - SwiftNIOFoundationCompat
    - SwiftNIOHPACK
    - SwiftNIOHTTP1
    - SwiftNIOHTTP2
    - SwiftNIOSSL
    - SwiftNIOTLS
    - SwiftNIOTransportServices
    - SwiftProtobuf

EXTERNAL SOURCES:
  ZcashLightClientKit:
    :path: "../../"

SPEC CHECKSUMS:
  CGRPCZlib: b0c9d704a12fa667f1824ffff20688f191945989
  CNIOAtomics: 43316aa185f4bd639aa0a9cd49741151bbe8de7f
  CNIOBoringSSL: 7ff9c35139a115f93269915b9555044d741b2ac9
  CNIOBoringSSLShims: 6edde63429e353ba78992b2d4d1b0627752a4a43
  CNIODarwin: 9eb3c09e9f3fc5ed47cecdd032aad926df81e3a6
  CNIOHTTPParser: c6051552c5f332e4ec0756581e5cbd5632ca24e6
  CNIOLinux: 79227941d64216792c3c59238b0106b9e0df25bc
  CNIOWindows: f2baa102255e986467578337ffa2f777cb6bdf7f
  gRPC-Swift: 77154009a019e97f8c4bd8f2bb75fe9726801157
  gRPC-Swift-Plugins: 22f2e8578f332e72ee59671c63264e219c982755
  KRActivityIndicatorView: 912bc0413d98340f384b12a4e1e6aa8f42fb377d
  KRProgressHUD: df4cdc3a1baf708d4276a089ee34d133fa9a6f3e
  Logging: beeb016c9c80cf77042d62e83495816847ef108b
  MnemonicSwift: 36384fc6b2640d93df9fe9fb60a8da7957cec36d
  NotificationBubbles: 91ee10deee54f35b5d49a161e1cb3d788ab5d011
  PaginatedTableView: 294d9831d5ddf5c0dcfbb4a281d4fcfb8d12f55a
  SQLite.swift: d2b4642190917051ce6bd1d49aab565fe794eea3
  SwiftNIO: 81d33ce8c500b7e41b6cdde5f2f12330b9750219
  SwiftNIOConcurrencyHelpers: 23fc68bac541a465162d7225d2c743edd2f1012c
  SwiftNIOExtras: aa561b71020cd6844f722cf4513fb176c577414d
  SwiftNIOFoundationCompat: 0e52ac0e2c9b7b60ff9141eebb64f5a82d974118
  SwiftNIOHPACK: 38e855a72ae0c5176485ddd039b3933b99daa2b7
  SwiftNIOHTTP1: 846277d7fc7661fba655540e529d7ba3c728ca50
  SwiftNIOHTTP2: de7eff9d32fd347338f85b86c6fd0e13c3fbd1a0
  SwiftNIOSSL: 6a1f0499a5319e823eae0b6f053ecb502bcce3f5
  SwiftNIOTLS: 4f8df225f03393f08e0b47b4d876ae38167f8a27
  SwiftNIOTransportServices: 896c9a4ac98698d32aa2feea7657ade219ae80bb
  SwiftProtobuf: 4e16842b83c6fda06b10fac50d73b3f1fce8ab7b
  ZcashLightClientKit: 36355e1a185106eb3474a989a45c96d623643e2f

PODFILE CHECKSUM: 0e90dc69ac4c19fd97c0ce4835ece810d79ade23

COCOAPODS: 1.11.2
