// !$*UTF8*$!
{
	archiveVersion = 1;
	classes = {
	};
	objectVersion = 51;
	objects = {

/* Begin PBXBuildFile section */
		0D1BE4512581585C00F78BE3 /* DerivationToolViewController.swift in Sources */ = {isa = PBXBuildFile; fileRef = 0D1BE4502581585C00F78BE3 /* DerivationToolViewController.swift */; };
		0D1BE47F2581937100F78BE3 /* GetUTXOsViewController.swift in Sources */ = {isa = PBXBuildFile; fileRef = 0D1BE47E2581937100F78BE3 /* GetUTXOsViewController.swift */; };
		0D49A18C241698A800CC0649 /* SampleLogger.swift in Sources */ = {isa = PBXBuildFile; fileRef = 0D49A18B241698A800CC0649 /* SampleLogger.swift */; };
		0D4EBA312396CFD70041B507 /* SendViewController.swift in Sources */ = {isa = PBXBuildFile; fileRef = 0D4EBA302396CFD70041B507 /* SendViewController.swift */; };
		0D6CE8BD252E3C4A0005D707 /* SaplingParametersViewController.swift in Sources */ = {isa = PBXBuildFile; fileRef = 0D6CE8BC252E3C4A0005D707 /* SaplingParametersViewController.swift */; };
		0D756A94236C761E009B041B /* GetAddressViewController.swift in Sources */ = {isa = PBXBuildFile; fileRef = 0D756A93236C761E009B041B /* GetAddressViewController.swift */; };
		0D7A4A83236CCD88001F4DD8 /* SyncBlocksViewController.swift in Sources */ = {isa = PBXBuildFile; fileRef = 0D7A4A82236CCD88001F4DD8 /* SyncBlocksViewController.swift */; };
		0D7C85E523AD5A9B006878FC /* SampleStorage.swift in Sources */ = {isa = PBXBuildFile; fileRef = 0D7C85E423AD5A9B006878FC /* SampleStorage.swift */; };
		0D8BB45223B1DA0700D5E2A1 /* GetBalanceViewController.swift in Sources */ = {isa = PBXBuildFile; fileRef = 0DCD3DC6238D88B100DD3EC4 /* GetBalanceViewController.swift */; };
		0D8BB45323B1DA0700D5E2A1 /* GetAddressViewController.swift in Sources */ = {isa = PBXBuildFile; fileRef = 0D756A93236C761E009B041B /* GetAddressViewController.swift */; };
		0D8BB45423B1DA0700D5E2A1 /* ViewController.swift in Sources */ = {isa = PBXBuildFile; fileRef = 0D907F172322CC5900D641FE /* ViewController.swift */; };
		0D8BB45523B1DA0700D5E2A1 /* LatestHeightViewController.swift in Sources */ = {isa = PBXBuildFile; fileRef = 0DDFB33B236B743000AED892 /* LatestHeightViewController.swift */; };
		0D8BB45623B1DA0700D5E2A1 /* TransactionDetailViewController.swift in Sources */ = {isa = PBXBuildFile; fileRef = 0DBF8F9423A80F5A0010B85F /* TransactionDetailViewController.swift */; };
		0D8BB45723B1DA0700D5E2A1 /* TransactionsTableViewController.swift in Sources */ = {isa = PBXBuildFile; fileRef = 0DA58B932397DDD9004596EA /* TransactionsTableViewController.swift */; };
		0D8BB45823B1DA0700D5E2A1 /* SendViewController.swift in Sources */ = {isa = PBXBuildFile; fileRef = 0D4EBA302396CFD70041B507 /* SendViewController.swift */; };
		0D8BB45923B1DA0700D5E2A1 /* SyncBlocksViewController.swift in Sources */ = {isa = PBXBuildFile; fileRef = 0D7A4A82236CCD88001F4DD8 /* SyncBlocksViewController.swift */; };
		0D8BB45A23B1DA0700D5E2A1 /* DemoAppConfig.swift in Sources */ = {isa = PBXBuildFile; fileRef = 0DDFB33D236B844900AED892 /* DemoAppConfig.swift */; };
		0D8BB45B23B1DA0700D5E2A1 /* AppDelegate.swift in Sources */ = {isa = PBXBuildFile; fileRef = 0D907F152322CC5900D641FE /* AppDelegate.swift */; };
		0D8BB45C23B1DA0700D5E2A1 /* SampleStorage.swift in Sources */ = {isa = PBXBuildFile; fileRef = 0D7C85E423AD5A9B006878FC /* SampleStorage.swift */; };
		0D8BB45D23B1DA0700D5E2A1 /* TransactionsDataSource.swift in Sources */ = {isa = PBXBuildFile; fileRef = 0DA58B952397F2CB004596EA /* TransactionsDataSource.swift */; };
		0D8BB45E23B1DA0700D5E2A1 /* PaginatedTransactionsViewController.swift in Sources */ = {isa = PBXBuildFile; fileRef = 0DF53E6623A438F100D7249C /* PaginatedTransactionsViewController.swift */; };
		0D8BB46223B1DA0700D5E2A1 /* LaunchScreen.storyboard in Resources */ = {isa = PBXBuildFile; fileRef = 0D907F1E2322CC5B00D641FE /* LaunchScreen.storyboard */; };
		0D8BB46323B1DA0700D5E2A1 /* Assets.xcassets in Resources */ = {isa = PBXBuildFile; fileRef = 0D907F1C2322CC5B00D641FE /* Assets.xcassets */; };
		0D8BB46423B1DA0700D5E2A1 /* Main.storyboard in Resources */ = {isa = PBXBuildFile; fileRef = 0D907F192322CC5900D641FE /* Main.storyboard */; };
		0D907F162322CC5900D641FE /* AppDelegate.swift in Sources */ = {isa = PBXBuildFile; fileRef = 0D907F152322CC5900D641FE /* AppDelegate.swift */; };
		0D907F182322CC5900D641FE /* ViewController.swift in Sources */ = {isa = PBXBuildFile; fileRef = 0D907F172322CC5900D641FE /* ViewController.swift */; };
		0D907F1B2322CC5900D641FE /* Main.storyboard in Resources */ = {isa = PBXBuildFile; fileRef = 0D907F192322CC5900D641FE /* Main.storyboard */; };
		0D907F1D2322CC5B00D641FE /* Assets.xcassets in Resources */ = {isa = PBXBuildFile; fileRef = 0D907F1C2322CC5B00D641FE /* Assets.xcassets */; };
		0D907F202322CC5B00D641FE /* LaunchScreen.storyboard in Resources */ = {isa = PBXBuildFile; fileRef = 0D907F1E2322CC5B00D641FE /* LaunchScreen.storyboard */; };
		0D907F2B2322CC5B00D641FE /* ZcashLightClientSampleTests.swift in Sources */ = {isa = PBXBuildFile; fileRef = 0D907F2A2322CC5B00D641FE /* ZcashLightClientSampleTests.swift */; };
		0D907F362322CC5B00D641FE /* ZcashLightClientSampleUITests.swift in Sources */ = {isa = PBXBuildFile; fileRef = 0D907F352322CC5B00D641FE /* ZcashLightClientSampleUITests.swift */; };
		0DA58B942397DDD9004596EA /* TransactionsTableViewController.swift in Sources */ = {isa = PBXBuildFile; fileRef = 0DA58B932397DDD9004596EA /* TransactionsTableViewController.swift */; };
		0DA58B962397F2CB004596EA /* TransactionsDataSource.swift in Sources */ = {isa = PBXBuildFile; fileRef = 0DA58B952397F2CB004596EA /* TransactionsDataSource.swift */; };
		0DBF8F9523A80F5A0010B85F /* TransactionDetailViewController.swift in Sources */ = {isa = PBXBuildFile; fileRef = 0DBF8F9423A80F5A0010B85F /* TransactionDetailViewController.swift */; };
		0DCD3DC7238D88B100DD3EC4 /* GetBalanceViewController.swift in Sources */ = {isa = PBXBuildFile; fileRef = 0DCD3DC6238D88B100DD3EC4 /* GetBalanceViewController.swift */; };
		0DDFB33C236B743000AED892 /* LatestHeightViewController.swift in Sources */ = {isa = PBXBuildFile; fileRef = 0DDFB33B236B743000AED892 /* LatestHeightViewController.swift */; };
		0DDFB33E236B844900AED892 /* DemoAppConfig.swift in Sources */ = {isa = PBXBuildFile; fileRef = 0DDFB33D236B844900AED892 /* DemoAppConfig.swift */; };
		0DF53E6723A438F100D7249C /* PaginatedTransactionsViewController.swift in Sources */ = {isa = PBXBuildFile; fileRef = 0DF53E6623A438F100D7249C /* PaginatedTransactionsViewController.swift */; };
		6355F11E6389A7F4FD9F21F7 /* Pods_ZcashLightClientSample_Mainnet.framework in Frameworks */ = {isa = PBXBuildFile; fileRef = 49540782BAF7E579947E23C4 /* Pods_ZcashLightClientSample_Mainnet.framework */; };
		742DCA7AFF9FBEA217FD3EED /* Pods_ZcashLightClientSampleUITests.framework in Frameworks */ = {isa = PBXBuildFile; fileRef = 33F67E6BA5A27016288E77EB /* Pods_ZcashLightClientSampleUITests.framework */; };
		A337DEF9CF408DD9F8C200DD /* Pods_ZcashLightClientSample.framework in Frameworks */ = {isa = PBXBuildFile; fileRef = CCCFED26DDACC4FBD997470C /* Pods_ZcashLightClientSample.framework */; };
		A459F9A413C2AB70A02FE894 /* Pods_ZcashLightClientSampleTests.framework in Frameworks */ = {isa = PBXBuildFile; fileRef = C89C3AE14EA6993FECC643BC /* Pods_ZcashLightClientSampleTests.framework */; };
/* End PBXBuildFile section */

/* Begin PBXContainerItemProxy section */
		0D907F272322CC5B00D641FE /* PBXContainerItemProxy */ = {
			isa = PBXContainerItemProxy;
			containerPortal = 0D907F0A2322CC5900D641FE /* Project object */;
			proxyType = 1;
			remoteGlobalIDString = 0D907F112322CC5900D641FE;
			remoteInfo = ZcashLightClientSample;
		};
		0D907F322322CC5B00D641FE /* PBXContainerItemProxy */ = {
			isa = PBXContainerItemProxy;
			containerPortal = 0D907F0A2322CC5900D641FE /* Project object */;
			proxyType = 1;
			remoteGlobalIDString = 0D907F112322CC5900D641FE;
			remoteInfo = ZcashLightClientSample;
		};
/* End PBXContainerItemProxy section */

/* Begin PBXFileReference section */
		0D1BE4502581585C00F78BE3 /* DerivationToolViewController.swift */ = {isa = PBXFileReference; lastKnownFileType = sourcecode.swift; path = DerivationToolViewController.swift; sourceTree = "<group>"; };
		0D1BE47E2581937100F78BE3 /* GetUTXOsViewController.swift */ = {isa = PBXFileReference; lastKnownFileType = sourcecode.swift; path = GetUTXOsViewController.swift; sourceTree = "<group>"; };
		0D49A18B241698A800CC0649 /* SampleLogger.swift */ = {isa = PBXFileReference; lastKnownFileType = sourcecode.swift; path = SampleLogger.swift; sourceTree = "<group>"; };
		0D4EBA302396CFD70041B507 /* SendViewController.swift */ = {isa = PBXFileReference; lastKnownFileType = sourcecode.swift; path = SendViewController.swift; sourceTree = "<group>"; };
		0D6CE8BC252E3C4A0005D707 /* SaplingParametersViewController.swift */ = {isa = PBXFileReference; lastKnownFileType = sourcecode.swift; path = SaplingParametersViewController.swift; sourceTree = "<group>"; };
		0D756A93236C761E009B041B /* GetAddressViewController.swift */ = {isa = PBXFileReference; lastKnownFileType = sourcecode.swift; path = GetAddressViewController.swift; sourceTree = "<group>"; };
		0D7A4A82236CCD88001F4DD8 /* SyncBlocksViewController.swift */ = {isa = PBXFileReference; lastKnownFileType = sourcecode.swift; path = SyncBlocksViewController.swift; sourceTree = "<group>"; };
		0D7C85E423AD5A9B006878FC /* SampleStorage.swift */ = {isa = PBXFileReference; lastKnownFileType = sourcecode.swift; path = SampleStorage.swift; sourceTree = "<group>"; };
		0D8BB46C23B1DA0700D5E2A1 /* ZcashLightClientSample.app */ = {isa = PBXFileReference; explicitFileType = wrapper.application; includeInIndex = 0; path = ZcashLightClientSample.app; sourceTree = BUILT_PRODUCTS_DIR; };
		0D8BB46D23B1DA0700D5E2A1 /* ZcashLightClientSample-Mainnet-Info.plist */ = {isa = PBXFileReference; lastKnownFileType = text.plist.xml; name = "ZcashLightClientSample-Mainnet-Info.plist"; path = "/Users/pacu/Repos/ECC/ZcashLightClientKit/Example/ZcashLightClientSample/ZcashLightClientSample-Mainnet-Info.plist"; sourceTree = "<absolute>"; };
		0D907F122322CC5900D641FE /* ZcashLightClientSample.app */ = {isa = PBXFileReference; explicitFileType = wrapper.application; includeInIndex = 0; path = ZcashLightClientSample.app; sourceTree = BUILT_PRODUCTS_DIR; };
		0D907F152322CC5900D641FE /* AppDelegate.swift */ = {isa = PBXFileReference; lastKnownFileType = sourcecode.swift; path = AppDelegate.swift; sourceTree = "<group>"; };
		0D907F172322CC5900D641FE /* ViewController.swift */ = {isa = PBXFileReference; lastKnownFileType = sourcecode.swift; path = ViewController.swift; sourceTree = "<group>"; };
		0D907F1A2322CC5900D641FE /* Base */ = {isa = PBXFileReference; lastKnownFileType = file.storyboard; name = Base; path = Base.lproj/Main.storyboard; sourceTree = "<group>"; };
		0D907F1C2322CC5B00D641FE /* Assets.xcassets */ = {isa = PBXFileReference; lastKnownFileType = folder.assetcatalog; path = Assets.xcassets; sourceTree = "<group>"; };
		0D907F1F2322CC5B00D641FE /* Base */ = {isa = PBXFileReference; lastKnownFileType = file.storyboard; name = Base; path = Base.lproj/LaunchScreen.storyboard; sourceTree = "<group>"; };
		0D907F212322CC5B00D641FE /* Info.plist */ = {isa = PBXFileReference; lastKnownFileType = text.plist.xml; path = Info.plist; sourceTree = "<group>"; };
		0D907F262322CC5B00D641FE /* ZcashLightClientSampleTests.xctest */ = {isa = PBXFileReference; explicitFileType = wrapper.cfbundle; includeInIndex = 0; path = ZcashLightClientSampleTests.xctest; sourceTree = BUILT_PRODUCTS_DIR; };
		0D907F2A2322CC5B00D641FE /* ZcashLightClientSampleTests.swift */ = {isa = PBXFileReference; lastKnownFileType = sourcecode.swift; path = ZcashLightClientSampleTests.swift; sourceTree = "<group>"; };
		0D907F2C2322CC5B00D641FE /* Info.plist */ = {isa = PBXFileReference; lastKnownFileType = text.plist.xml; path = Info.plist; sourceTree = "<group>"; };
		0D907F312322CC5B00D641FE /* ZcashLightClientSampleUITests.xctest */ = {isa = PBXFileReference; explicitFileType = wrapper.cfbundle; includeInIndex = 0; path = ZcashLightClientSampleUITests.xctest; sourceTree = BUILT_PRODUCTS_DIR; };
		0D907F352322CC5B00D641FE /* ZcashLightClientSampleUITests.swift */ = {isa = PBXFileReference; lastKnownFileType = sourcecode.swift; path = ZcashLightClientSampleUITests.swift; sourceTree = "<group>"; };
		0D907F372322CC5B00D641FE /* Info.plist */ = {isa = PBXFileReference; lastKnownFileType = text.plist.xml; path = Info.plist; sourceTree = "<group>"; };
		0DA58B932397DDD9004596EA /* TransactionsTableViewController.swift */ = {isa = PBXFileReference; lastKnownFileType = sourcecode.swift; path = TransactionsTableViewController.swift; sourceTree = "<group>"; };
		0DA58B952397F2CB004596EA /* TransactionsDataSource.swift */ = {isa = PBXFileReference; lastKnownFileType = sourcecode.swift; path = TransactionsDataSource.swift; sourceTree = "<group>"; };
		0DBF8F9423A80F5A0010B85F /* TransactionDetailViewController.swift */ = {isa = PBXFileReference; lastKnownFileType = sourcecode.swift; path = TransactionDetailViewController.swift; sourceTree = "<group>"; };
		0DCD3DC6238D88B100DD3EC4 /* GetBalanceViewController.swift */ = {isa = PBXFileReference; lastKnownFileType = sourcecode.swift; path = GetBalanceViewController.swift; sourceTree = "<group>"; };
		0DDFB33B236B743000AED892 /* LatestHeightViewController.swift */ = {isa = PBXFileReference; lastKnownFileType = sourcecode.swift; path = LatestHeightViewController.swift; sourceTree = "<group>"; };
		0DDFB33D236B844900AED892 /* DemoAppConfig.swift */ = {isa = PBXFileReference; lastKnownFileType = sourcecode.swift; path = DemoAppConfig.swift; sourceTree = "<group>"; };
		0DF53E6623A438F100D7249C /* PaginatedTransactionsViewController.swift */ = {isa = PBXFileReference; lastKnownFileType = sourcecode.swift; path = PaginatedTransactionsViewController.swift; sourceTree = "<group>"; };
		1BEB1273671D6E7883C81472 /* Pods-ZcashLightClientSample.release.xcconfig */ = {isa = PBXFileReference; includeInIndex = 1; lastKnownFileType = text.xcconfig; name = "Pods-ZcashLightClientSample.release.xcconfig"; path = "Target Support Files/Pods-ZcashLightClientSample/Pods-ZcashLightClientSample.release.xcconfig"; sourceTree = "<group>"; };
		2460FDF219C57FCA6113E129 /* Pods-ZcashLightClientSampleUITests.release.xcconfig */ = {isa = PBXFileReference; includeInIndex = 1; lastKnownFileType = text.xcconfig; name = "Pods-ZcashLightClientSampleUITests.release.xcconfig"; path = "Target Support Files/Pods-ZcashLightClientSampleUITests/Pods-ZcashLightClientSampleUITests.release.xcconfig"; sourceTree = "<group>"; };
		33F67E6BA5A27016288E77EB /* Pods_ZcashLightClientSampleUITests.framework */ = {isa = PBXFileReference; explicitFileType = wrapper.framework; includeInIndex = 0; path = Pods_ZcashLightClientSampleUITests.framework; sourceTree = BUILT_PRODUCTS_DIR; };
		47991618469ABD2A7FE69E73 /* Pods-ZcashLightClientSample-Mainnet.release.xcconfig */ = {isa = PBXFileReference; includeInIndex = 1; lastKnownFileType = text.xcconfig; name = "Pods-ZcashLightClientSample-Mainnet.release.xcconfig"; path = "Target Support Files/Pods-ZcashLightClientSample-Mainnet/Pods-ZcashLightClientSample-Mainnet.release.xcconfig"; sourceTree = "<group>"; };
		49540782BAF7E579947E23C4 /* Pods_ZcashLightClientSample_Mainnet.framework */ = {isa = PBXFileReference; explicitFileType = wrapper.framework; includeInIndex = 0; path = Pods_ZcashLightClientSample_Mainnet.framework; sourceTree = BUILT_PRODUCTS_DIR; };
		501B4B56030ED65B9C170CE2 /* Pods-ZcashLightClientSampleTests.debug.xcconfig */ = {isa = PBXFileReference; includeInIndex = 1; lastKnownFileType = text.xcconfig; name = "Pods-ZcashLightClientSampleTests.debug.xcconfig"; path = "Target Support Files/Pods-ZcashLightClientSampleTests/Pods-ZcashLightClientSampleTests.debug.xcconfig"; sourceTree = "<group>"; };
		81B2AC726EA5CC3FEF521F84 /* Pods-ZcashLightClientSampleUITests.debug.xcconfig */ = {isa = PBXFileReference; includeInIndex = 1; lastKnownFileType = text.xcconfig; name = "Pods-ZcashLightClientSampleUITests.debug.xcconfig"; path = "Target Support Files/Pods-ZcashLightClientSampleUITests/Pods-ZcashLightClientSampleUITests.debug.xcconfig"; sourceTree = "<group>"; };
		90F55027AEE5406E35644223 /* Pods-ZcashLightClientSample-Mainnet.debug.xcconfig */ = {isa = PBXFileReference; includeInIndex = 1; lastKnownFileType = text.xcconfig; name = "Pods-ZcashLightClientSample-Mainnet.debug.xcconfig"; path = "Target Support Files/Pods-ZcashLightClientSample-Mainnet/Pods-ZcashLightClientSample-Mainnet.debug.xcconfig"; sourceTree = "<group>"; };
		93F435FD5C95BEE3BC7BBC28 /* Pods-ZcashLightClientSample.debug.xcconfig */ = {isa = PBXFileReference; includeInIndex = 1; lastKnownFileType = text.xcconfig; name = "Pods-ZcashLightClientSample.debug.xcconfig"; path = "Target Support Files/Pods-ZcashLightClientSample/Pods-ZcashLightClientSample.debug.xcconfig"; sourceTree = "<group>"; };
		BEA142AE2F3C339269CBA120 /* Pods-ZcashLightClientSampleTests.release.xcconfig */ = {isa = PBXFileReference; includeInIndex = 1; lastKnownFileType = text.xcconfig; name = "Pods-ZcashLightClientSampleTests.release.xcconfig"; path = "Target Support Files/Pods-ZcashLightClientSampleTests/Pods-ZcashLightClientSampleTests.release.xcconfig"; sourceTree = "<group>"; };
		C89C3AE14EA6993FECC643BC /* Pods_ZcashLightClientSampleTests.framework */ = {isa = PBXFileReference; explicitFileType = wrapper.framework; includeInIndex = 0; path = Pods_ZcashLightClientSampleTests.framework; sourceTree = BUILT_PRODUCTS_DIR; };
		CCCFED26DDACC4FBD997470C /* Pods_ZcashLightClientSample.framework */ = {isa = PBXFileReference; explicitFileType = wrapper.framework; includeInIndex = 0; path = Pods_ZcashLightClientSample.framework; sourceTree = BUILT_PRODUCTS_DIR; };
/* End PBXFileReference section */

/* Begin PBXFrameworksBuildPhase section */
		0D8BB45F23B1DA0700D5E2A1 /* Frameworks */ = {
			isa = PBXFrameworksBuildPhase;
			buildActionMask = 2147483647;
			files = (
				6355F11E6389A7F4FD9F21F7 /* Pods_ZcashLightClientSample_Mainnet.framework in Frameworks */,
			);
			runOnlyForDeploymentPostprocessing = 0;
		};
		0D907F0F2322CC5900D641FE /* Frameworks */ = {
			isa = PBXFrameworksBuildPhase;
			buildActionMask = 2147483647;
			files = (
				A337DEF9CF408DD9F8C200DD /* Pods_ZcashLightClientSample.framework in Frameworks */,
			);
			runOnlyForDeploymentPostprocessing = 0;
		};
		0D907F232322CC5B00D641FE /* Frameworks */ = {
			isa = PBXFrameworksBuildPhase;
			buildActionMask = 2147483647;
			files = (
				A459F9A413C2AB70A02FE894 /* Pods_ZcashLightClientSampleTests.framework in Frameworks */,
			);
			runOnlyForDeploymentPostprocessing = 0;
		};
		0D907F2E2322CC5B00D641FE /* Frameworks */ = {
			isa = PBXFrameworksBuildPhase;
			buildActionMask = 2147483647;
			files = (
				742DCA7AFF9FBEA217FD3EED /* Pods_ZcashLightClientSampleUITests.framework in Frameworks */,
			);
			runOnlyForDeploymentPostprocessing = 0;
		};
/* End PBXFrameworksBuildPhase section */

/* Begin PBXGroup section */
		0D1BE44F2581583D00F78BE3 /* Derivation Tool */ = {
			isa = PBXGroup;
			children = (
				0D1BE4502581585C00F78BE3 /* DerivationToolViewController.swift */,
			);
			path = "Derivation Tool";
			sourceTree = "<group>";
		};
		0D1BE47D2581933C00F78BE3 /* Get UTXOs */ = {
			isa = PBXGroup;
			children = (
				0D1BE47E2581937100F78BE3 /* GetUTXOsViewController.swift */,
			);
			path = "Get UTXOs";
			sourceTree = "<group>";
		};
		0D4EBA2F2396CFBE0041B507 /* Send */ = {
			isa = PBXGroup;
			children = (
				0D4EBA302396CFD70041B507 /* SendViewController.swift */,
			);
			path = Send;
			sourceTree = "<group>";
		};
		0D6CE8BB252E3C1A0005D707 /* Sapling Parameters */ = {
			isa = PBXGroup;
			children = (
				0D6CE8BC252E3C4A0005D707 /* SaplingParametersViewController.swift */,
			);
			path = "Sapling Parameters";
			sourceTree = "<group>";
		};
		0D756A92236C75FE009B041B /* Get Address */ = {
			isa = PBXGroup;
			children = (
				0D756A93236C761E009B041B /* GetAddressViewController.swift */,
			);
			path = "Get Address";
			sourceTree = "<group>";
		};
		0D7A4A81236CCCDB001F4DD8 /* Sync Blocks */ = {
			isa = PBXGroup;
			children = (
				0D7A4A82236CCD88001F4DD8 /* SyncBlocksViewController.swift */,
			);
			path = "Sync Blocks";
			sourceTree = "<group>";
		};
		0D907F092322CC5900D641FE = {
			isa = PBXGroup;
			children = (
				0D907F142322CC5900D641FE /* ZcashLightClientSample */,
				0D907F292322CC5B00D641FE /* ZcashLightClientSampleTests */,
				0D907F342322CC5B00D641FE /* ZcashLightClientSampleUITests */,
				0D907F132322CC5900D641FE /* Products */,
				66EF5A44FD6A5AC92244F054 /* Pods */,
				A4E309895AA511479901D67E /* Frameworks */,
				0D8BB46D23B1DA0700D5E2A1 /* ZcashLightClientSample-Mainnet-Info.plist */,
			);
			sourceTree = "<group>";
		};
		0D907F132322CC5900D641FE /* Products */ = {
			isa = PBXGroup;
			children = (
				0D907F122322CC5900D641FE /* ZcashLightClientSample.app */,
				0D907F262322CC5B00D641FE /* ZcashLightClientSampleTests.xctest */,
				0D907F312322CC5B00D641FE /* ZcashLightClientSampleUITests.xctest */,
				0D8BB46C23B1DA0700D5E2A1 /* ZcashLightClientSample.app */,
			);
			name = Products;
			sourceTree = "<group>";
		};
		0D907F142322CC5900D641FE /* ZcashLightClientSample */ = {
			isa = PBXGroup;
			children = (
				0D1BE47D2581933C00F78BE3 /* Get UTXOs */,
				0D1BE44F2581583D00F78BE3 /* Derivation Tool */,
				0D6CE8BB252E3C1A0005D707 /* Sapling Parameters */,
				0DBF8F9323A80F0E0010B85F /* Transaction Detail */,
				0DF53E6523A438BA00D7249C /* Paginated Transactions */,
				0DA58B922397DDBC004596EA /* List Transactions */,
				0D4EBA2F2396CFBE0041B507 /* Send */,
				0DCD3DC5238D888B00DD3EC4 /* Get Balance */,
				0D7A4A81236CCCDB001F4DD8 /* Sync Blocks */,
				0D756A92236C75FE009B041B /* Get Address */,
				0DDFB33A236B733700AED892 /* Latest Block Height */,
				0D907F152322CC5900D641FE /* AppDelegate.swift */,
				0D907F172322CC5900D641FE /* ViewController.swift */,
				0D907F192322CC5900D641FE /* Main.storyboard */,
				0D907F1C2322CC5B00D641FE /* Assets.xcassets */,
				0D907F1E2322CC5B00D641FE /* LaunchScreen.storyboard */,
				0D907F212322CC5B00D641FE /* Info.plist */,
				0DDFB33D236B844900AED892 /* DemoAppConfig.swift */,
				0D7C85E423AD5A9B006878FC /* SampleStorage.swift */,
				0D49A18B241698A800CC0649 /* SampleLogger.swift */,
			);
			path = ZcashLightClientSample;
			sourceTree = "<group>";
		};
		0D907F292322CC5B00D641FE /* ZcashLightClientSampleTests */ = {
			isa = PBXGroup;
			children = (
				0D907F2A2322CC5B00D641FE /* ZcashLightClientSampleTests.swift */,
				0D907F2C2322CC5B00D641FE /* Info.plist */,
			);
			path = ZcashLightClientSampleTests;
			sourceTree = "<group>";
		};
		0D907F342322CC5B00D641FE /* ZcashLightClientSampleUITests */ = {
			isa = PBXGroup;
			children = (
				0D907F352322CC5B00D641FE /* ZcashLightClientSampleUITests.swift */,
				0D907F372322CC5B00D641FE /* Info.plist */,
			);
			path = ZcashLightClientSampleUITests;
			sourceTree = "<group>";
		};
		0DA58B922397DDBC004596EA /* List Transactions */ = {
			isa = PBXGroup;
			children = (
				0DA58B932397DDD9004596EA /* TransactionsTableViewController.swift */,
				0DA58B952397F2CB004596EA /* TransactionsDataSource.swift */,
			);
			path = "List Transactions";
			sourceTree = "<group>";
		};
		0DBF8F9323A80F0E0010B85F /* Transaction Detail */ = {
			isa = PBXGroup;
			children = (
				0DBF8F9423A80F5A0010B85F /* TransactionDetailViewController.swift */,
			);
			path = "Transaction Detail";
			sourceTree = "<group>";
		};
		0DCD3DC5238D888B00DD3EC4 /* Get Balance */ = {
			isa = PBXGroup;
			children = (
				0DCD3DC6238D88B100DD3EC4 /* GetBalanceViewController.swift */,
			);
			path = "Get Balance";
			sourceTree = "<group>";
		};
		0DDFB33A236B733700AED892 /* Latest Block Height */ = {
			isa = PBXGroup;
			children = (
				0DDFB33B236B743000AED892 /* LatestHeightViewController.swift */,
			);
			path = "Latest Block Height";
			sourceTree = "<group>";
		};
		0DF53E6523A438BA00D7249C /* Paginated Transactions */ = {
			isa = PBXGroup;
			children = (
				0DF53E6623A438F100D7249C /* PaginatedTransactionsViewController.swift */,
			);
			path = "Paginated Transactions";
			sourceTree = "<group>";
		};
		66EF5A44FD6A5AC92244F054 /* Pods */ = {
			isa = PBXGroup;
			children = (
				93F435FD5C95BEE3BC7BBC28 /* Pods-ZcashLightClientSample.debug.xcconfig */,
				1BEB1273671D6E7883C81472 /* Pods-ZcashLightClientSample.release.xcconfig */,
				501B4B56030ED65B9C170CE2 /* Pods-ZcashLightClientSampleTests.debug.xcconfig */,
				BEA142AE2F3C339269CBA120 /* Pods-ZcashLightClientSampleTests.release.xcconfig */,
				81B2AC726EA5CC3FEF521F84 /* Pods-ZcashLightClientSampleUITests.debug.xcconfig */,
				2460FDF219C57FCA6113E129 /* Pods-ZcashLightClientSampleUITests.release.xcconfig */,
				90F55027AEE5406E35644223 /* Pods-ZcashLightClientSample-Mainnet.debug.xcconfig */,
				47991618469ABD2A7FE69E73 /* Pods-ZcashLightClientSample-Mainnet.release.xcconfig */,
			);
			path = Pods;
			sourceTree = "<group>";
		};
		A4E309895AA511479901D67E /* Frameworks */ = {
			isa = PBXGroup;
			children = (
				C89C3AE14EA6993FECC643BC /* Pods_ZcashLightClientSampleTests.framework */,
				33F67E6BA5A27016288E77EB /* Pods_ZcashLightClientSampleUITests.framework */,
				49540782BAF7E579947E23C4 /* Pods_ZcashLightClientSample_Mainnet.framework */,
				CCCFED26DDACC4FBD997470C /* Pods_ZcashLightClientSample.framework */,
			);
			name = Frameworks;
			sourceTree = "<group>";
		};
/* End PBXGroup section */

/* Begin PBXNativeTarget section */
		0D8BB44E23B1DA0700D5E2A1 /* ZcashLightClientSample-Mainnet */ = {
			isa = PBXNativeTarget;
			buildConfigurationList = 0D8BB46923B1DA0700D5E2A1 /* Build configuration list for PBXNativeTarget "ZcashLightClientSample-Mainnet" */;
			buildPhases = (
				0D8BB44F23B1DA0700D5E2A1 /* [CP] Check Pods Manifest.lock */,
				0D8BB45023B1DA0700D5E2A1 /* ShellScript */,
				0D8BB45123B1DA0700D5E2A1 /* Sources */,
				0D8BB45F23B1DA0700D5E2A1 /* Frameworks */,
				0D8BB46123B1DA0700D5E2A1 /* Resources */,
				A18B8A4D55F1DF8B808ABB67 /* [CP] Embed Pods Frameworks */,
			);
			buildRules = (
			);
			dependencies = (
			);
			name = "ZcashLightClientSample-Mainnet";
			productName = ZcashLightClientSample;
			productReference = 0D8BB46C23B1DA0700D5E2A1 /* ZcashLightClientSample.app */;
			productType = "com.apple.product-type.application";
		};
		0D907F112322CC5900D641FE /* ZcashLightClientSample */ = {
			isa = PBXNativeTarget;
			buildConfigurationList = 0D907F3A2322CC5B00D641FE /* Build configuration list for PBXNativeTarget "ZcashLightClientSample" */;
			buildPhases = (
				33EFC5F94E60AC06AD108A01 /* [CP] Check Pods Manifest.lock */,
				0DCB58A4237B5B580040096C /* ShellScript */,
				0D907F0E2322CC5900D641FE /* Sources */,
				0D907F0F2322CC5900D641FE /* Frameworks */,
				0D907F102322CC5900D641FE /* Resources */,
				AD38BD608A7D4F64E720F342 /* [CP] Embed Pods Frameworks */,
			);
			buildRules = (
			);
			dependencies = (
			);
			name = ZcashLightClientSample;
			productName = ZcashLightClientSample;
			productReference = 0D907F122322CC5900D641FE /* ZcashLightClientSample.app */;
			productType = "com.apple.product-type.application";
		};
		0D907F252322CC5B00D641FE /* ZcashLightClientSampleTests */ = {
			isa = PBXNativeTarget;
			buildConfigurationList = 0D907F3D2322CC5B00D641FE /* Build configuration list for PBXNativeTarget "ZcashLightClientSampleTests" */;
			buildPhases = (
				A715D89E618E44427C0608E2 /* [CP] Check Pods Manifest.lock */,
				0D907F222322CC5B00D641FE /* Sources */,
				0D907F232322CC5B00D641FE /* Frameworks */,
				0D907F242322CC5B00D641FE /* Resources */,
			);
			buildRules = (
			);
			dependencies = (
				0D907F282322CC5B00D641FE /* PBXTargetDependency */,
			);
			name = ZcashLightClientSampleTests;
			productName = ZcashLightClientSampleTests;
			productReference = 0D907F262322CC5B00D641FE /* ZcashLightClientSampleTests.xctest */;
			productType = "com.apple.product-type.bundle.unit-test";
		};
		0D907F302322CC5B00D641FE /* ZcashLightClientSampleUITests */ = {
			isa = PBXNativeTarget;
			buildConfigurationList = 0D907F402322CC5B00D641FE /* Build configuration list for PBXNativeTarget "ZcashLightClientSampleUITests" */;
			buildPhases = (
				A80B091D1115175E507D0D44 /* [CP] Check Pods Manifest.lock */,
				0D907F2D2322CC5B00D641FE /* Sources */,
				0D907F2E2322CC5B00D641FE /* Frameworks */,
				0D907F2F2322CC5B00D641FE /* Resources */,
			);
			buildRules = (
			);
			dependencies = (
				0D907F332322CC5B00D641FE /* PBXTargetDependency */,
			);
			name = ZcashLightClientSampleUITests;
			productName = ZcashLightClientSampleUITests;
			productReference = 0D907F312322CC5B00D641FE /* ZcashLightClientSampleUITests.xctest */;
			productType = "com.apple.product-type.bundle.ui-testing";
		};
/* End PBXNativeTarget section */

/* Begin PBXProject section */
		0D907F0A2322CC5900D641FE /* Project object */ = {
			isa = PBXProject;
			attributes = {
				LastSwiftUpdateCheck = 1020;
				LastUpgradeCheck = 1110;
				ORGANIZATIONNAME = "Electric Coin Company";
				TargetAttributes = {
					0D907F112322CC5900D641FE = {
						CreatedOnToolsVersion = 10.2.1;
					};
					0D907F252322CC5B00D641FE = {
						CreatedOnToolsVersion = 10.2.1;
						TestTargetID = 0D907F112322CC5900D641FE;
					};
					0D907F302322CC5B00D641FE = {
						CreatedOnToolsVersion = 10.2.1;
						TestTargetID = 0D907F112322CC5900D641FE;
					};
				};
			};
			buildConfigurationList = 0D907F0D2322CC5900D641FE /* Build configuration list for PBXProject "ZcashLightClientSample" */;
			compatibilityVersion = "Xcode 9.3";
			developmentRegion = en;
			hasScannedForEncodings = 0;
			knownRegions = (
				en,
				Base,
			);
			mainGroup = 0D907F092322CC5900D641FE;
			productRefGroup = 0D907F132322CC5900D641FE /* Products */;
			projectDirPath = "";
			projectRoot = "";
			targets = (
				0D907F112322CC5900D641FE /* ZcashLightClientSample */,
				0D907F252322CC5B00D641FE /* ZcashLightClientSampleTests */,
				0D907F302322CC5B00D641FE /* ZcashLightClientSampleUITests */,
				0D8BB44E23B1DA0700D5E2A1 /* ZcashLightClientSample-Mainnet */,
			);
		};
/* End PBXProject section */

/* Begin PBXResourcesBuildPhase section */
		0D8BB46123B1DA0700D5E2A1 /* Resources */ = {
			isa = PBXResourcesBuildPhase;
			buildActionMask = 2147483647;
			files = (
				0D8BB46223B1DA0700D5E2A1 /* LaunchScreen.storyboard in Resources */,
				0D8BB46323B1DA0700D5E2A1 /* Assets.xcassets in Resources */,
				0D8BB46423B1DA0700D5E2A1 /* Main.storyboard in Resources */,
			);
			runOnlyForDeploymentPostprocessing = 0;
		};
		0D907F102322CC5900D641FE /* Resources */ = {
			isa = PBXResourcesBuildPhase;
			buildActionMask = 2147483647;
			files = (
				0D907F202322CC5B00D641FE /* LaunchScreen.storyboard in Resources */,
				0D907F1D2322CC5B00D641FE /* Assets.xcassets in Resources */,
				0D907F1B2322CC5900D641FE /* Main.storyboard in Resources */,
			);
			runOnlyForDeploymentPostprocessing = 0;
		};
		0D907F242322CC5B00D641FE /* Resources */ = {
			isa = PBXResourcesBuildPhase;
			buildActionMask = 2147483647;
			files = (
			);
			runOnlyForDeploymentPostprocessing = 0;
		};
		0D907F2F2322CC5B00D641FE /* Resources */ = {
			isa = PBXResourcesBuildPhase;
			buildActionMask = 2147483647;
			files = (
			);
			runOnlyForDeploymentPostprocessing = 0;
		};
/* End PBXResourcesBuildPhase section */

/* Begin PBXShellScriptBuildPhase section */
		0D8BB44F23B1DA0700D5E2A1 /* [CP] Check Pods Manifest.lock */ = {
			isa = PBXShellScriptBuildPhase;
			buildActionMask = 2147483647;
			files = (
			);
			inputFileListPaths = (
			);
			inputPaths = (
				"${PODS_PODFILE_DIR_PATH}/Podfile.lock",
				"${PODS_ROOT}/Manifest.lock",
			);
			name = "[CP] Check Pods Manifest.lock";
			outputFileListPaths = (
			);
			outputPaths = (
				"$(DERIVED_FILE_DIR)/Pods-ZcashLightClientSample-Mainnet-checkManifestLockResult.txt",
			);
			runOnlyForDeploymentPostprocessing = 0;
			shellPath = /bin/sh;
			shellScript = "diff \"${PODS_PODFILE_DIR_PATH}/Podfile.lock\" \"${PODS_ROOT}/Manifest.lock\" > /dev/null\nif [ $? != 0 ] ; then\n    # print error to STDERR\n    echo \"error: The sandbox is not in sync with the Podfile.lock. Run 'pod install' or update your CocoaPods installation.\" >&2\n    exit 1\nfi\n# This output is used by Xcode 'outputs' to avoid re-running this script phase.\necho \"SUCCESS\" > \"${SCRIPT_OUTPUT_FILE_0}\"\n";
			showEnvVarsInLog = 0;
		};
		0D8BB45023B1DA0700D5E2A1 /* ShellScript */ = {
			isa = PBXShellScriptBuildPhase;
			buildActionMask = 2147483647;
			files = (
			);
			inputFileListPaths = (
			);
			inputPaths = (
			);
			outputFileListPaths = (
			);
			outputPaths = (
			);
			runOnlyForDeploymentPostprocessing = 0;
			shellPath = /bin/sh;
			shellScript = "cd ../../\nif which swiftlint >/dev/null; then\n  swiftlint lint --config .swiftlint.yml\nelse\n  echo \"warning: SwiftLint not installed, download from https://github.com/realm/SwiftLint\"\nfi\n";
		};
		0DCB58A4237B5B580040096C /* ShellScript */ = {
			isa = PBXShellScriptBuildPhase;
			buildActionMask = 2147483647;
			files = (
			);
			inputFileListPaths = (
			);
			inputPaths = (
			);
			outputFileListPaths = (
			);
			outputPaths = (
			);
			runOnlyForDeploymentPostprocessing = 0;
			shellPath = /bin/sh;
			shellScript = "cd ../../\nif which swiftlint >/dev/null; then\n  swiftlint lint --config .swiftlint.yml\nelse\n  echo \"warning: SwiftLint not installed, download from https://github.com/realm/SwiftLint\"\nfi\n";
		};
		33EFC5F94E60AC06AD108A01 /* [CP] Check Pods Manifest.lock */ = {
			isa = PBXShellScriptBuildPhase;
			buildActionMask = 2147483647;
			files = (
			);
			inputFileListPaths = (
			);
			inputPaths = (
				"${PODS_PODFILE_DIR_PATH}/Podfile.lock",
				"${PODS_ROOT}/Manifest.lock",
			);
			name = "[CP] Check Pods Manifest.lock";
			outputFileListPaths = (
			);
			outputPaths = (
				"$(DERIVED_FILE_DIR)/Pods-ZcashLightClientSample-checkManifestLockResult.txt",
			);
			runOnlyForDeploymentPostprocessing = 0;
			shellPath = /bin/sh;
			shellScript = "diff \"${PODS_PODFILE_DIR_PATH}/Podfile.lock\" \"${PODS_ROOT}/Manifest.lock\" > /dev/null\nif [ $? != 0 ] ; then\n    # print error to STDERR\n    echo \"error: The sandbox is not in sync with the Podfile.lock. Run 'pod install' or update your CocoaPods installation.\" >&2\n    exit 1\nfi\n# This output is used by Xcode 'outputs' to avoid re-running this script phase.\necho \"SUCCESS\" > \"${SCRIPT_OUTPUT_FILE_0}\"\n";
			showEnvVarsInLog = 0;
		};
		A18B8A4D55F1DF8B808ABB67 /* [CP] Embed Pods Frameworks */ = {
			isa = PBXShellScriptBuildPhase;
			buildActionMask = 2147483647;
			files = (
			);
			inputFileListPaths = (
				"${PODS_ROOT}/Target Support Files/Pods-ZcashLightClientSample-Mainnet/Pods-ZcashLightClientSample-Mainnet-frameworks-${CONFIGURATION}-input-files.xcfilelist",
			);
			name = "[CP] Embed Pods Frameworks";
			outputFileListPaths = (
				"${PODS_ROOT}/Target Support Files/Pods-ZcashLightClientSample-Mainnet/Pods-ZcashLightClientSample-Mainnet-frameworks-${CONFIGURATION}-output-files.xcfilelist",
			);
			runOnlyForDeploymentPostprocessing = 0;
			shellPath = /bin/sh;
			shellScript = "\"${PODS_ROOT}/Target Support Files/Pods-ZcashLightClientSample-Mainnet/Pods-ZcashLightClientSample-Mainnet-frameworks.sh\"\n";
			showEnvVarsInLog = 0;
		};
		A715D89E618E44427C0608E2 /* [CP] Check Pods Manifest.lock */ = {
			isa = PBXShellScriptBuildPhase;
			buildActionMask = 2147483647;
			files = (
			);
			inputFileListPaths = (
			);
			inputPaths = (
				"${PODS_PODFILE_DIR_PATH}/Podfile.lock",
				"${PODS_ROOT}/Manifest.lock",
			);
			name = "[CP] Check Pods Manifest.lock";
			outputFileListPaths = (
			);
			outputPaths = (
				"$(DERIVED_FILE_DIR)/Pods-ZcashLightClientSampleTests-checkManifestLockResult.txt",
			);
			runOnlyForDeploymentPostprocessing = 0;
			shellPath = /bin/sh;
			shellScript = "diff \"${PODS_PODFILE_DIR_PATH}/Podfile.lock\" \"${PODS_ROOT}/Manifest.lock\" > /dev/null\nif [ $? != 0 ] ; then\n    # print error to STDERR\n    echo \"error: The sandbox is not in sync with the Podfile.lock. Run 'pod install' or update your CocoaPods installation.\" >&2\n    exit 1\nfi\n# This output is used by Xcode 'outputs' to avoid re-running this script phase.\necho \"SUCCESS\" > \"${SCRIPT_OUTPUT_FILE_0}\"\n";
			showEnvVarsInLog = 0;
		};
		A80B091D1115175E507D0D44 /* [CP] Check Pods Manifest.lock */ = {
			isa = PBXShellScriptBuildPhase;
			buildActionMask = 2147483647;
			files = (
			);
			inputFileListPaths = (
			);
			inputPaths = (
				"${PODS_PODFILE_DIR_PATH}/Podfile.lock",
				"${PODS_ROOT}/Manifest.lock",
			);
			name = "[CP] Check Pods Manifest.lock";
			outputFileListPaths = (
			);
			outputPaths = (
				"$(DERIVED_FILE_DIR)/Pods-ZcashLightClientSampleUITests-checkManifestLockResult.txt",
			);
			runOnlyForDeploymentPostprocessing = 0;
			shellPath = /bin/sh;
			shellScript = "diff \"${PODS_PODFILE_DIR_PATH}/Podfile.lock\" \"${PODS_ROOT}/Manifest.lock\" > /dev/null\nif [ $? != 0 ] ; then\n    # print error to STDERR\n    echo \"error: The sandbox is not in sync with the Podfile.lock. Run 'pod install' or update your CocoaPods installation.\" >&2\n    exit 1\nfi\n# This output is used by Xcode 'outputs' to avoid re-running this script phase.\necho \"SUCCESS\" > \"${SCRIPT_OUTPUT_FILE_0}\"\n";
			showEnvVarsInLog = 0;
		};
		AD38BD608A7D4F64E720F342 /* [CP] Embed Pods Frameworks */ = {
			isa = PBXShellScriptBuildPhase;
			buildActionMask = 2147483647;
			files = (
			);
			inputFileListPaths = (
				"${PODS_ROOT}/Target Support Files/Pods-ZcashLightClientSample/Pods-ZcashLightClientSample-frameworks-${CONFIGURATION}-input-files.xcfilelist",
			);
			name = "[CP] Embed Pods Frameworks";
			outputFileListPaths = (
				"${PODS_ROOT}/Target Support Files/Pods-ZcashLightClientSample/Pods-ZcashLightClientSample-frameworks-${CONFIGURATION}-output-files.xcfilelist",
			);
			runOnlyForDeploymentPostprocessing = 0;
			shellPath = /bin/sh;
			shellScript = "\"${PODS_ROOT}/Target Support Files/Pods-ZcashLightClientSample/Pods-ZcashLightClientSample-frameworks.sh\"\n";
			showEnvVarsInLog = 0;
		};
/* End PBXShellScriptBuildPhase section */

/* Begin PBXSourcesBuildPhase section */
		0D8BB45123B1DA0700D5E2A1 /* Sources */ = {
			isa = PBXSourcesBuildPhase;
			buildActionMask = 2147483647;
			files = (
				0D8BB45223B1DA0700D5E2A1 /* GetBalanceViewController.swift in Sources */,
				0D8BB45323B1DA0700D5E2A1 /* GetAddressViewController.swift in Sources */,
				0D8BB45423B1DA0700D5E2A1 /* ViewController.swift in Sources */,
				0D8BB45523B1DA0700D5E2A1 /* LatestHeightViewController.swift in Sources */,
				0D8BB45623B1DA0700D5E2A1 /* TransactionDetailViewController.swift in Sources */,
				0D8BB45723B1DA0700D5E2A1 /* TransactionsTableViewController.swift in Sources */,
				0D8BB45823B1DA0700D5E2A1 /* SendViewController.swift in Sources */,
				0D8BB45923B1DA0700D5E2A1 /* SyncBlocksViewController.swift in Sources */,
				0D8BB45A23B1DA0700D5E2A1 /* DemoAppConfig.swift in Sources */,
				0D8BB45B23B1DA0700D5E2A1 /* AppDelegate.swift in Sources */,
				0D8BB45C23B1DA0700D5E2A1 /* SampleStorage.swift in Sources */,
				0D8BB45D23B1DA0700D5E2A1 /* TransactionsDataSource.swift in Sources */,
				0D8BB45E23B1DA0700D5E2A1 /* PaginatedTransactionsViewController.swift in Sources */,
			);
			runOnlyForDeploymentPostprocessing = 0;
		};
		0D907F0E2322CC5900D641FE /* Sources */ = {
			isa = PBXSourcesBuildPhase;
			buildActionMask = 2147483647;
			files = (
				0DCD3DC7238D88B100DD3EC4 /* GetBalanceViewController.swift in Sources */,
				0D756A94236C761E009B041B /* GetAddressViewController.swift in Sources */,
				0D907F182322CC5900D641FE /* ViewController.swift in Sources */,
				0DDFB33C236B743000AED892 /* LatestHeightViewController.swift in Sources */,
				0DBF8F9523A80F5A0010B85F /* TransactionDetailViewController.swift in Sources */,
				0DA58B942397DDD9004596EA /* TransactionsTableViewController.swift in Sources */,
				0D4EBA312396CFD70041B507 /* SendViewController.swift in Sources */,
				0D7A4A83236CCD88001F4DD8 /* SyncBlocksViewController.swift in Sources */,
				0DDFB33E236B844900AED892 /* DemoAppConfig.swift in Sources */,
				0D907F162322CC5900D641FE /* AppDelegate.swift in Sources */,
				0D6CE8BD252E3C4A0005D707 /* SaplingParametersViewController.swift in Sources */,
				0D1BE47F2581937100F78BE3 /* GetUTXOsViewController.swift in Sources */,
				0D1BE4512581585C00F78BE3 /* DerivationToolViewController.swift in Sources */,
				0D7C85E523AD5A9B006878FC /* SampleStorage.swift in Sources */,
				0D49A18C241698A800CC0649 /* SampleLogger.swift in Sources */,
				0DA58B962397F2CB004596EA /* TransactionsDataSource.swift in Sources */,
				0DF53E6723A438F100D7249C /* PaginatedTransactionsViewController.swift in Sources */,
			);
			runOnlyForDeploymentPostprocessing = 0;
		};
		0D907F222322CC5B00D641FE /* Sources */ = {
			isa = PBXSourcesBuildPhase;
			buildActionMask = 2147483647;
			files = (
				0D907F2B2322CC5B00D641FE /* ZcashLightClientSampleTests.swift in Sources */,
			);
			runOnlyForDeploymentPostprocessing = 0;
		};
		0D907F2D2322CC5B00D641FE /* Sources */ = {
			isa = PBXSourcesBuildPhase;
			buildActionMask = 2147483647;
			files = (
				0D907F362322CC5B00D641FE /* ZcashLightClientSampleUITests.swift in Sources */,
			);
			runOnlyForDeploymentPostprocessing = 0;
		};
/* End PBXSourcesBuildPhase section */

/* Begin PBXTargetDependency section */
		0D907F282322CC5B00D641FE /* PBXTargetDependency */ = {
			isa = PBXTargetDependency;
			target = 0D907F112322CC5900D641FE /* ZcashLightClientSample */;
			targetProxy = 0D907F272322CC5B00D641FE /* PBXContainerItemProxy */;
		};
		0D907F332322CC5B00D641FE /* PBXTargetDependency */ = {
			isa = PBXTargetDependency;
			target = 0D907F112322CC5900D641FE /* ZcashLightClientSample */;
			targetProxy = 0D907F322322CC5B00D641FE /* PBXContainerItemProxy */;
		};
/* End PBXTargetDependency section */

/* Begin PBXVariantGroup section */
		0D907F192322CC5900D641FE /* Main.storyboard */ = {
			isa = PBXVariantGroup;
			children = (
				0D907F1A2322CC5900D641FE /* Base */,
			);
			name = Main.storyboard;
			sourceTree = "<group>";
		};
		0D907F1E2322CC5B00D641FE /* LaunchScreen.storyboard */ = {
			isa = PBXVariantGroup;
			children = (
				0D907F1F2322CC5B00D641FE /* Base */,
			);
			name = LaunchScreen.storyboard;
			sourceTree = "<group>";
		};
/* End PBXVariantGroup section */

/* Begin XCBuildConfiguration section */
		0D8BB46A23B1DA0700D5E2A1 /* Debug */ = {
			isa = XCBuildConfiguration;
			baseConfigurationReference = 90F55027AEE5406E35644223 /* Pods-ZcashLightClientSample-Mainnet.debug.xcconfig */;
			buildSettings = {
				ASSETCATALOG_COMPILER_APPICON_NAME = AppIcon;
				CODE_SIGN_STYLE = Automatic;
				DEVELOPMENT_TEAM = 6J82A38BF9;
				ENABLE_BITCODE = NO;
				INFOPLIST_FILE = "$(SRCROOT)/ZcashLightClientSample-Mainnet-Info.plist";
				LD_RUNPATH_SEARCH_PATHS = (
					"$(inherited)",
					"@executable_path/Frameworks",
				);
				OTHER_SWIFT_FLAGS = "$(inherited) -D COCOAPODS";
				PRODUCT_BUNDLE_IDENTIFIER = "co.electriccoin.ZcashLightClientSample-Mainnet";
				PRODUCT_MODULE_NAME = ZcashLightClientSample;
				PRODUCT_NAME = ZcashLightClientSample;
				SWIFT_VERSION = 5.0;
				TARGETED_DEVICE_FAMILY = "1,2";
			};
			name = Debug;
		};
		0D8BB46B23B1DA0700D5E2A1 /* Release */ = {
			isa = XCBuildConfiguration;
			baseConfigurationReference = 47991618469ABD2A7FE69E73 /* Pods-ZcashLightClientSample-Mainnet.release.xcconfig */;
			buildSettings = {
				ASSETCATALOG_COMPILER_APPICON_NAME = AppIcon;
				CODE_SIGN_STYLE = Automatic;
				DEVELOPMENT_TEAM = 6J82A38BF9;
				ENABLE_BITCODE = NO;
				INFOPLIST_FILE = "$(SRCROOT)/ZcashLightClientSample-Mainnet-Info.plist";
				LD_RUNPATH_SEARCH_PATHS = (
					"$(inherited)",
					"@executable_path/Frameworks",
				);
				OTHER_SWIFT_FLAGS = "$(inherited) -D COCOAPODS";
				PRODUCT_BUNDLE_IDENTIFIER = "co.electriccoin.ZcashLightClientSample-Mainnet";
				PRODUCT_MODULE_NAME = ZcashLightClientSample;
				PRODUCT_NAME = ZcashLightClientSample;
				SWIFT_VERSION = 5.0;
				TARGETED_DEVICE_FAMILY = "1,2";
			};
			name = Release;
		};
		0D907F382322CC5B00D641FE /* Debug */ = {
			isa = XCBuildConfiguration;
			buildSettings = {
				ALWAYS_SEARCH_USER_PATHS = NO;
				CLANG_ANALYZER_NONNULL = YES;
				CLANG_ANALYZER_NUMBER_OBJECT_CONVERSION = YES_AGGRESSIVE;
				CLANG_CXX_LANGUAGE_STANDARD = "gnu++14";
				CLANG_CXX_LIBRARY = "libc++";
				CLANG_ENABLE_MODULES = YES;
				CLANG_ENABLE_OBJC_ARC = YES;
				CLANG_ENABLE_OBJC_WEAK = YES;
				CLANG_WARN_BLOCK_CAPTURE_AUTORELEASING = YES;
				CLANG_WARN_BOOL_CONVERSION = YES;
				CLANG_WARN_COMMA = YES;
				CLANG_WARN_CONSTANT_CONVERSION = YES;
				CLANG_WARN_DEPRECATED_OBJC_IMPLEMENTATIONS = YES;
				CLANG_WARN_DIRECT_OBJC_ISA_USAGE = YES_ERROR;
				CLANG_WARN_DOCUMENTATION_COMMENTS = YES;
				CLANG_WARN_EMPTY_BODY = YES;
				CLANG_WARN_ENUM_CONVERSION = YES;
				CLANG_WARN_INFINITE_RECURSION = YES;
				CLANG_WARN_INT_CONVERSION = YES;
				CLANG_WARN_NON_LITERAL_NULL_CONVERSION = YES;
				CLANG_WARN_OBJC_IMPLICIT_RETAIN_SELF = YES;
				CLANG_WARN_OBJC_LITERAL_CONVERSION = YES;
				CLANG_WARN_OBJC_ROOT_CLASS = YES_ERROR;
				CLANG_WARN_RANGE_LOOP_ANALYSIS = YES;
				CLANG_WARN_STRICT_PROTOTYPES = YES;
				CLANG_WARN_SUSPICIOUS_MOVE = YES;
				CLANG_WARN_UNGUARDED_AVAILABILITY = YES_AGGRESSIVE;
				CLANG_WARN_UNREACHABLE_CODE = YES;
				CLANG_WARN__DUPLICATE_METHOD_MATCH = YES;
				CODE_SIGN_IDENTITY = "iPhone Developer";
				COPY_PHASE_STRIP = NO;
				DEBUG_INFORMATION_FORMAT = dwarf;
				ENABLE_STRICT_OBJC_MSGSEND = YES;
				ENABLE_TESTABILITY = YES;
				EXCLUDED_ARCHS = "$(inherited)";
				GCC_C_LANGUAGE_STANDARD = gnu11;
				GCC_DYNAMIC_NO_PIC = NO;
				GCC_NO_COMMON_BLOCKS = YES;
				GCC_OPTIMIZATION_LEVEL = 0;
				GCC_PREPROCESSOR_DEFINITIONS = (
					"DEBUG=1",
					"$(inherited)",
				);
				GCC_WARN_64_TO_32_BIT_CONVERSION = YES;
				GCC_WARN_ABOUT_RETURN_TYPE = YES_ERROR;
				GCC_WARN_UNDECLARED_SELECTOR = YES;
				GCC_WARN_UNINITIALIZED_AUTOS = YES_AGGRESSIVE;
				GCC_WARN_UNUSED_FUNCTION = YES;
				GCC_WARN_UNUSED_VARIABLE = YES;
				IPHONEOS_DEPLOYMENT_TARGET = 13.1;
				MTL_ENABLE_DEBUG_INFO = INCLUDE_SOURCE;
				MTL_FAST_MATH = YES;
				ONLY_ACTIVE_ARCH = YES;
				SDKROOT = iphoneos;
				SWIFT_ACTIVE_COMPILATION_CONDITIONS = DEBUG;
				SWIFT_OPTIMIZATION_LEVEL = "-Onone";
			};
			name = Debug;
		};
		0D907F392322CC5B00D641FE /* Release */ = {
			isa = XCBuildConfiguration;
			buildSettings = {
				ALWAYS_SEARCH_USER_PATHS = NO;
				CLANG_ANALYZER_NONNULL = YES;
				CLANG_ANALYZER_NUMBER_OBJECT_CONVERSION = YES_AGGRESSIVE;
				CLANG_CXX_LANGUAGE_STANDARD = "gnu++14";
				CLANG_CXX_LIBRARY = "libc++";
				CLANG_ENABLE_MODULES = YES;
				CLANG_ENABLE_OBJC_ARC = YES;
				CLANG_ENABLE_OBJC_WEAK = YES;
				CLANG_WARN_BLOCK_CAPTURE_AUTORELEASING = YES;
				CLANG_WARN_BOOL_CONVERSION = YES;
				CLANG_WARN_COMMA = YES;
				CLANG_WARN_CONSTANT_CONVERSION = YES;
				CLANG_WARN_DEPRECATED_OBJC_IMPLEMENTATIONS = YES;
				CLANG_WARN_DIRECT_OBJC_ISA_USAGE = YES_ERROR;
				CLANG_WARN_DOCUMENTATION_COMMENTS = YES;
				CLANG_WARN_EMPTY_BODY = YES;
				CLANG_WARN_ENUM_CONVERSION = YES;
				CLANG_WARN_INFINITE_RECURSION = YES;
				CLANG_WARN_INT_CONVERSION = YES;
				CLANG_WARN_NON_LITERAL_NULL_CONVERSION = YES;
				CLANG_WARN_OBJC_IMPLICIT_RETAIN_SELF = YES;
				CLANG_WARN_OBJC_LITERAL_CONVERSION = YES;
				CLANG_WARN_OBJC_ROOT_CLASS = YES_ERROR;
				CLANG_WARN_RANGE_LOOP_ANALYSIS = YES;
				CLANG_WARN_STRICT_PROTOTYPES = YES;
				CLANG_WARN_SUSPICIOUS_MOVE = YES;
				CLANG_WARN_UNGUARDED_AVAILABILITY = YES_AGGRESSIVE;
				CLANG_WARN_UNREACHABLE_CODE = YES;
				CLANG_WARN__DUPLICATE_METHOD_MATCH = YES;
				CODE_SIGN_IDENTITY = "iPhone Developer";
				COPY_PHASE_STRIP = NO;
				DEBUG_INFORMATION_FORMAT = "dwarf-with-dsym";
				ENABLE_NS_ASSERTIONS = NO;
				ENABLE_STRICT_OBJC_MSGSEND = YES;
				EXCLUDED_ARCHS = "$(inherited)";
				GCC_C_LANGUAGE_STANDARD = gnu11;
				GCC_NO_COMMON_BLOCKS = YES;
				GCC_WARN_64_TO_32_BIT_CONVERSION = YES;
				GCC_WARN_ABOUT_RETURN_TYPE = YES_ERROR;
				GCC_WARN_UNDECLARED_SELECTOR = YES;
				GCC_WARN_UNINITIALIZED_AUTOS = YES_AGGRESSIVE;
				GCC_WARN_UNUSED_FUNCTION = YES;
				GCC_WARN_UNUSED_VARIABLE = YES;
				IPHONEOS_DEPLOYMENT_TARGET = 13.1;
				MTL_ENABLE_DEBUG_INFO = NO;
				MTL_FAST_MATH = YES;
				SDKROOT = iphoneos;
				SWIFT_COMPILATION_MODE = wholemodule;
				SWIFT_OPTIMIZATION_LEVEL = "-O";
				VALIDATE_PRODUCT = YES;
			};
			name = Release;
		};
		0D907F3B2322CC5B00D641FE /* Debug */ = {
			isa = XCBuildConfiguration;
			baseConfigurationReference = 93F435FD5C95BEE3BC7BBC28 /* Pods-ZcashLightClientSample.debug.xcconfig */;
			buildSettings = {
				ASSETCATALOG_COMPILER_APPICON_NAME = AppIcon;
				CODE_SIGN_STYLE = Automatic;
				DEVELOPMENT_TEAM = 6J82A38BF9;
				ENABLE_BITCODE = NO;
				"EXCLUDED_ARCHS[sdk=iphonesimulator*]" = "$(inherited)";
				INFOPLIST_FILE = ZcashLightClientSample/Info.plist;
				IPHONEOS_DEPLOYMENT_TARGET = 13.1;
				LD_RUNPATH_SEARCH_PATHS = (
					"$(inherited)",
					"@executable_path/Frameworks",
				);
				OTHER_SWIFT_FLAGS = "$(inherited) -D COCOAPODS";
				PRODUCT_BUNDLE_IDENTIFIER = "co.electriccoin.ZcashLightClientSample-Testnet";
				PRODUCT_MODULE_NAME = ZcashLightClientSample;
				PRODUCT_NAME = "$(TARGET_NAME)";
				SWIFT_VERSION = 5.0;
				TARGETED_DEVICE_FAMILY = "1,2";
			};
			name = Debug;
		};
		0D907F3C2322CC5B00D641FE /* Release */ = {
			isa = XCBuildConfiguration;
			baseConfigurationReference = 1BEB1273671D6E7883C81472 /* Pods-ZcashLightClientSample.release.xcconfig */;
			buildSettings = {
				ASSETCATALOG_COMPILER_APPICON_NAME = AppIcon;
				CODE_SIGN_STYLE = Automatic;
				DEVELOPMENT_TEAM = 6J82A38BF9;
				ENABLE_BITCODE = NO;
				"EXCLUDED_ARCHS[sdk=iphonesimulator*]" = "$(inherited)";
				INFOPLIST_FILE = ZcashLightClientSample/Info.plist;
				IPHONEOS_DEPLOYMENT_TARGET = 13.1;
				LD_RUNPATH_SEARCH_PATHS = (
					"$(inherited)",
					"@executable_path/Frameworks",
				);
				OTHER_SWIFT_FLAGS = "$(inherited) -D COCOAPODS";
				PRODUCT_BUNDLE_IDENTIFIER = "co.electriccoin.ZcashLightClientSample-Testnet";
				PRODUCT_MODULE_NAME = ZcashLightClientSample;
				PRODUCT_NAME = "$(TARGET_NAME)";
				SWIFT_VERSION = 5.0;
				TARGETED_DEVICE_FAMILY = "1,2";
			};
			name = Release;
		};
		0D907F3E2322CC5B00D641FE /* Debug */ = {
			isa = XCBuildConfiguration;
			baseConfigurationReference = 501B4B56030ED65B9C170CE2 /* Pods-ZcashLightClientSampleTests.debug.xcconfig */;
			buildSettings = {
				ALWAYS_EMBED_SWIFT_STANDARD_LIBRARIES = "$(inherited)";
				BUNDLE_LOADER = "$(TEST_HOST)";
				CODE_SIGN_STYLE = Automatic;
				DEVELOPMENT_TEAM = 6J82A38BF9;
				INFOPLIST_FILE = ZcashLightClientSampleTests/Info.plist;
				LD_RUNPATH_SEARCH_PATHS = (
					"$(inherited)",
					"@executable_path/Frameworks",
					"@loader_path/Frameworks",
				);
				PRODUCT_BUNDLE_IDENTIFIER = co.electriccoin.ZcashLightClientSampleTests;
				PRODUCT_NAME = "$(TARGET_NAME)";
				SWIFT_VERSION = 5.0;
				TARGETED_DEVICE_FAMILY = "1,2";
				TEST_HOST = "$(BUILT_PRODUCTS_DIR)/ZcashLightClientSample.app/ZcashLightClientSample";
			};
			name = Debug;
		};
		0D907F3F2322CC5B00D641FE /* Release */ = {
			isa = XCBuildConfiguration;
			baseConfigurationReference = BEA142AE2F3C339269CBA120 /* Pods-ZcashLightClientSampleTests.release.xcconfig */;
			buildSettings = {
				ALWAYS_EMBED_SWIFT_STANDARD_LIBRARIES = "$(inherited)";
				BUNDLE_LOADER = "$(TEST_HOST)";
				CODE_SIGN_STYLE = Automatic;
				DEVELOPMENT_TEAM = 6J82A38BF9;
				INFOPLIST_FILE = ZcashLightClientSampleTests/Info.plist;
				LD_RUNPATH_SEARCH_PATHS = (
					"$(inherited)",
					"@executable_path/Frameworks",
					"@loader_path/Frameworks",
				);
				PRODUCT_BUNDLE_IDENTIFIER = co.electriccoin.ZcashLightClientSampleTests;
				PRODUCT_NAME = "$(TARGET_NAME)";
				SWIFT_VERSION = 5.0;
				TARGETED_DEVICE_FAMILY = "1,2";
				TEST_HOST = "$(BUILT_PRODUCTS_DIR)/ZcashLightClientSample.app/ZcashLightClientSample";
			};
			name = Release;
		};
		0D907F412322CC5B00D641FE /* Debug */ = {
			isa = XCBuildConfiguration;
			baseConfigurationReference = 81B2AC726EA5CC3FEF521F84 /* Pods-ZcashLightClientSampleUITests.debug.xcconfig */;
			buildSettings = {
				ALWAYS_EMBED_SWIFT_STANDARD_LIBRARIES = YES;
				CODE_SIGN_STYLE = Automatic;
				DEVELOPMENT_TEAM = 6J82A38BF9;
				INFOPLIST_FILE = ZcashLightClientSampleUITests/Info.plist;
				LD_RUNPATH_SEARCH_PATHS = (
					"$(inherited)",
					"@executable_path/Frameworks",
					"@loader_path/Frameworks",
				);
				PRODUCT_BUNDLE_IDENTIFIER = co.electriccoin.ZcashLightClientSampleUITests;
				PRODUCT_NAME = "$(TARGET_NAME)";
				SWIFT_VERSION = 5.0;
				TARGETED_DEVICE_FAMILY = "1,2";
				TEST_TARGET_NAME = ZcashLightClientSample;
			};
			name = Debug;
		};
		0D907F422322CC5B00D641FE /* Release */ = {
			isa = XCBuildConfiguration;
			baseConfigurationReference = 2460FDF219C57FCA6113E129 /* Pods-ZcashLightClientSampleUITests.release.xcconfig */;
			buildSettings = {
				ALWAYS_EMBED_SWIFT_STANDARD_LIBRARIES = YES;
				CODE_SIGN_STYLE = Automatic;
				DEVELOPMENT_TEAM = 6J82A38BF9;
				INFOPLIST_FILE = ZcashLightClientSampleUITests/Info.plist;
				LD_RUNPATH_SEARCH_PATHS = (
					"$(inherited)",
					"@executable_path/Frameworks",
					"@loader_path/Frameworks",
				);
				PRODUCT_BUNDLE_IDENTIFIER = co.electriccoin.ZcashLightClientSampleUITests;
				PRODUCT_NAME = "$(TARGET_NAME)";
				SWIFT_VERSION = 5.0;
				TARGETED_DEVICE_FAMILY = "1,2";
				TEST_TARGET_NAME = ZcashLightClientSample;
			};
			name = Release;
		};
/* End XCBuildConfiguration section */

/* Begin XCConfigurationList section */
		0D8BB46923B1DA0700D5E2A1 /* Build configuration list for PBXNativeTarget "ZcashLightClientSample-Mainnet" */ = {
			isa = XCConfigurationList;
			buildConfigurations = (
				0D8BB46A23B1DA0700D5E2A1 /* Debug */,
				0D8BB46B23B1DA0700D5E2A1 /* Release */,
			);
			defaultConfigurationIsVisible = 0;
			defaultConfigurationName = Release;
		};
		0D907F0D2322CC5900D641FE /* Build configuration list for PBXProject "ZcashLightClientSample" */ = {
			isa = XCConfigurationList;
			buildConfigurations = (
				0D907F382322CC5B00D641FE /* Debug */,
				0D907F392322CC5B00D641FE /* Release */,
			);
			defaultConfigurationIsVisible = 0;
			defaultConfigurationName = Release;
		};
		0D907F3A2322CC5B00D641FE /* Build configuration list for PBXNativeTarget "ZcashLightClientSample" */ = {
			isa = XCConfigurationList;
			buildConfigurations = (
				0D907F3B2322CC5B00D641FE /* Debug */,
				0D907F3C2322CC5B00D641FE /* Release */,
			);
			defaultConfigurationIsVisible = 0;
			defaultConfigurationName = Release;
		};
		0D907F3D2322CC5B00D641FE /* Build configuration list for PBXNativeTarget "ZcashLightClientSampleTests" */ = {
			isa = XCConfigurationList;
			buildConfigurations = (
				0D907F3E2322CC5B00D641FE /* Debug */,
				0D907F3F2322CC5B00D641FE /* Release */,
			);
			defaultConfigurationIsVisible = 0;
			defaultConfigurationName = Release;
		};
		0D907F402322CC5B00D641FE /* Build configuration list for PBXNativeTarget "ZcashLightClientSampleUITests" */ = {
			isa = XCConfigurationList;
			buildConfigurations = (
				0D907F412322CC5B00D641FE /* Debug */,
				0D907F422322CC5B00D641FE /* Release */,
			);
			defaultConfigurationIsVisible = 0;
			defaultConfigurationName = Release;
		};
/* End XCConfigurationList section */
	};
	rootObject = 0D907F0A2322CC5900D641FE /* Project object */;
}
