// !$*UTF8*$!
{
	archiveVersion = 1;
	classes = {
	};
	objectVersion = 51;
	objects = {

/* Begin PBXBuildFile section */
		0B45933D22C612CB002A66BA /* ZcashRustBackendTests.swift in Sources */ = {isa = PBXBuildFile; fileRef = 0B45933C22C612CB002A66BA /* ZcashRustBackendTests.swift */; };
		0DA33493232C0BC200CAC082 /* Wallet.swift in Sources */ = {isa = PBXBuildFile; fileRef = 0DA33492232C0BC200CAC082 /* Wallet.swift */; };
		0DA33496232C11DF00CAC082 /* SeedProvider.swift in Sources */ = {isa = PBXBuildFile; fileRef = 0DA33495232C11DF00CAC082 /* SeedProvider.swift */; };
		0DA33498232C1A8200CAC082 /* Constants.swift in Sources */ = {isa = PBXBuildFile; fileRef = 0DA33497232C1A8200CAC082 /* Constants.swift */; };
		0DA3349A232C1B6F00CAC082 /* WalletTests.swift in Sources */ = {isa = PBXBuildFile; fileRef = 0DA33499232C1B6F00CAC082 /* WalletTests.swift */; };
		0DB456F4232A860200057720 /* ZcashCompactBlock.swift in Sources */ = {isa = PBXBuildFile; fileRef = 0DB456F3232A860200057720 /* ZcashCompactBlock.swift */; };
		0DB456FD232A867800057720 /* service.pb.swift in Sources */ = {isa = PBXBuildFile; fileRef = 0DB456F8232A867800057720 /* service.pb.swift */; };
		0DB456FE232A867800057720 /* service.grpc.swift in Sources */ = {isa = PBXBuildFile; fileRef = 0DB456F9232A867800057720 /* service.grpc.swift */; };
		0DB456FF232A867800057720 /* compact_formats.pb.swift in Sources */ = {isa = PBXBuildFile; fileRef = 0DB456FA232A867800057720 /* compact_formats.pb.swift */; };
		0DB45702232A86EF00057720 /* LightWalletGRPCService.swift in Sources */ = {isa = PBXBuildFile; fileRef = 0DB45701232A86EF00057720 /* LightWalletGRPCService.swift */; };
		0DB45705232AA06200057720 /* Storage.swift in Sources */ = {isa = PBXBuildFile; fileRef = 0DB45704232AA06200057720 /* Storage.swift */; };
		0DB45709232AA81200057720 /* Protocolbuffer+Extensions.swift in Sources */ = {isa = PBXBuildFile; fileRef = 0DB45708232AA81200057720 /* Protocolbuffer+Extensions.swift */; };
		0DB4570D232ACD3100057720 /* ZcashRustBackendWelding.swift in Sources */ = {isa = PBXBuildFile; fileRef = 0DB4570C232ACD3100057720 /* ZcashRustBackendWelding.swift */; };
		0DB45711232ADD4B00057720 /* CompactBlockStoring.swift in Sources */ = {isa = PBXBuildFile; fileRef = 0DB45710232ADD4B00057720 /* CompactBlockStoring.swift */; };
		0DB45713232AEAF200057720 /* LightWalletService.swift in Sources */ = {isa = PBXBuildFile; fileRef = 0DB45712232AEAF200057720 /* LightWalletService.swift */; };
		0DB45714232B0AA800057720 /* BoringSSL.framework in Frameworks */ = {isa = PBXBuildFile; fileRef = 0DC64E6823284A2C0053EFAC /* BoringSSL.framework */; };
		0DB45715232B0AA800057720 /* CgRPC.framework in Frameworks */ = {isa = PBXBuildFile; fileRef = 0DC64E6623284A2C0053EFAC /* CgRPC.framework */; };
		0DB45716232B0AA800057720 /* SwiftGRPC.framework in Frameworks */ = {isa = PBXBuildFile; fileRef = 0DC64E6723284A2C0053EFAC /* SwiftGRPC.framework */; };
		0DB45717232B0AA800057720 /* SwiftProtobuf.framework in Frameworks */ = {isa = PBXBuildFile; fileRef = 0DC64E6923284A2C0053EFAC /* SwiftProtobuf.framework */; };
		0DC64E6A23284A2C0053EFAC /* CgRPC.framework in Frameworks */ = {isa = PBXBuildFile; fileRef = 0DC64E6623284A2C0053EFAC /* CgRPC.framework */; };
		0DC64E6B23284A2C0053EFAC /* SwiftGRPC.framework in Frameworks */ = {isa = PBXBuildFile; fileRef = 0DC64E6723284A2C0053EFAC /* SwiftGRPC.framework */; };
		0DC64E6C23284A2C0053EFAC /* BoringSSL.framework in Frameworks */ = {isa = PBXBuildFile; fileRef = 0DC64E6823284A2C0053EFAC /* BoringSSL.framework */; };
		0DC64E6D23284A2C0053EFAC /* SwiftProtobuf.framework in Frameworks */ = {isa = PBXBuildFile; fileRef = 0DC64E6923284A2C0053EFAC /* SwiftProtobuf.framework */; };
		0DDF6378232FD02F000F9F01 /* Constants.generated.swift in Sources */ = {isa = PBXBuildFile; fileRef = 0DDF6377232FD02F000F9F01 /* Constants.generated.swift */; };
		103AFE8F228312A30074BC98 /* ZcashLightClientKit.framework in Frameworks */ = {isa = PBXBuildFile; fileRef = 103AFE85228312A30074BC98 /* ZcashLightClientKit.framework */; };
		103AFE94228312A30074BC98 /* ZcashLightClientKitTests.swift in Sources */ = {isa = PBXBuildFile; fileRef = 103AFE93228312A30074BC98 /* ZcashLightClientKitTests.swift */; };
		103AFE96228312A30074BC98 /* ZcashLightClientKit.h in Headers */ = {isa = PBXBuildFile; fileRef = 103AFE88228312A30074BC98 /* ZcashLightClientKit.h */; settings = {ATTRIBUTES = (Public, ); }; };
		103AFEA22283166B0074BC98 /* libzcashlc.a in Frameworks */ = {isa = PBXBuildFile; fileRef = 103AFEA12283166B0074BC98 /* libzcashlc.a */; };
		103AFEA422831BB00074BC98 /* ZcashRustBackend.swift in Sources */ = {isa = PBXBuildFile; fileRef = 103AFEA322831BB00074BC98 /* ZcashRustBackend.swift */; };
		103AFEAA228320F00074BC98 /* zcashlc.h in Headers */ = {isa = PBXBuildFile; fileRef = 103AFEA9228320F00074BC98 /* zcashlc.h */; settings = {ATTRIBUTES = (Public, ); }; };
/* End PBXBuildFile section */

/* Begin PBXContainerItemProxy section */
		103AFE90228312A30074BC98 /* PBXContainerItemProxy */ = {
			isa = PBXContainerItemProxy;
			containerPortal = 103AFE7C228312A30074BC98 /* Project object */;
			proxyType = 1;
			remoteGlobalIDString = 103AFE84228312A30074BC98;
			remoteInfo = ZcashLightClientKit;
		};
/* End PBXContainerItemProxy section */

/* Begin PBXFileReference section */
		0B45933C22C612CB002A66BA /* ZcashRustBackendTests.swift */ = {isa = PBXFileReference; lastKnownFileType = sourcecode.swift; path = ZcashRustBackendTests.swift; sourceTree = "<group>"; };
		0DA33492232C0BC200CAC082 /* Wallet.swift */ = {isa = PBXFileReference; lastKnownFileType = sourcecode.swift; path = Wallet.swift; sourceTree = "<group>"; };
		0DA33495232C11DF00CAC082 /* SeedProvider.swift */ = {isa = PBXFileReference; lastKnownFileType = sourcecode.swift; path = SeedProvider.swift; sourceTree = "<group>"; };
		0DA33497232C1A8200CAC082 /* Constants.swift */ = {isa = PBXFileReference; lastKnownFileType = sourcecode.swift; path = Constants.swift; sourceTree = "<group>"; };
		0DA33499232C1B6F00CAC082 /* WalletTests.swift */ = {isa = PBXFileReference; lastKnownFileType = sourcecode.swift; path = WalletTests.swift; sourceTree = "<group>"; };
		0DB456F3232A860200057720 /* ZcashCompactBlock.swift */ = {isa = PBXFileReference; lastKnownFileType = sourcecode.swift; path = ZcashCompactBlock.swift; sourceTree = "<group>"; };
		0DB456F7232A867800057720 /* service.proto */ = {isa = PBXFileReference; fileEncoding = 4; lastKnownFileType = sourcecode.protobuf; path = service.proto; sourceTree = "<group>"; };
		0DB456F8232A867800057720 /* service.pb.swift */ = {isa = PBXFileReference; fileEncoding = 4; lastKnownFileType = sourcecode.swift; path = service.pb.swift; sourceTree = "<group>"; };
		0DB456F9232A867800057720 /* service.grpc.swift */ = {isa = PBXFileReference; fileEncoding = 4; lastKnownFileType = sourcecode.swift; path = service.grpc.swift; sourceTree = "<group>"; };
		0DB456FA232A867800057720 /* compact_formats.pb.swift */ = {isa = PBXFileReference; fileEncoding = 4; lastKnownFileType = sourcecode.swift; path = compact_formats.pb.swift; sourceTree = "<group>"; };
		0DB456FB232A867800057720 /* compact_formats.proto */ = {isa = PBXFileReference; fileEncoding = 4; lastKnownFileType = sourcecode.protobuf; path = compact_formats.proto; sourceTree = "<group>"; };
		0DB45701232A86EF00057720 /* LightWalletGRPCService.swift */ = {isa = PBXFileReference; fileEncoding = 4; lastKnownFileType = sourcecode.swift; path = LightWalletGRPCService.swift; sourceTree = "<group>"; };
		0DB45704232AA06200057720 /* Storage.swift */ = {isa = PBXFileReference; lastKnownFileType = sourcecode.swift; path = Storage.swift; sourceTree = "<group>"; };
		0DB45706232AA6AF00057720 /* ZcashLightClientKit.modulemap */ = {isa = PBXFileReference; lastKnownFileType = "sourcecode.module-map"; path = ZcashLightClientKit.modulemap; sourceTree = "<group>"; };
		0DB45708232AA81200057720 /* Protocolbuffer+Extensions.swift */ = {isa = PBXFileReference; lastKnownFileType = sourcecode.swift; path = "Protocolbuffer+Extensions.swift"; sourceTree = "<group>"; };
		0DB4570C232ACD3100057720 /* ZcashRustBackendWelding.swift */ = {isa = PBXFileReference; lastKnownFileType = sourcecode.swift; path = ZcashRustBackendWelding.swift; sourceTree = "<group>"; };
		0DB45710232ADD4B00057720 /* CompactBlockStoring.swift */ = {isa = PBXFileReference; lastKnownFileType = sourcecode.swift; path = CompactBlockStoring.swift; sourceTree = "<group>"; };
		0DB45712232AEAF200057720 /* LightWalletService.swift */ = {isa = PBXFileReference; lastKnownFileType = sourcecode.swift; path = LightWalletService.swift; sourceTree = "<group>"; };
		0DC64E6623284A2C0053EFAC /* CgRPC.framework */ = {isa = PBXFileReference; lastKnownFileType = wrapper.framework; name = CgRPC.framework; path = Carthage/Build/iOS/CgRPC.framework; sourceTree = "<group>"; };
		0DC64E6723284A2C0053EFAC /* SwiftGRPC.framework */ = {isa = PBXFileReference; lastKnownFileType = wrapper.framework; name = SwiftGRPC.framework; path = Carthage/Build/iOS/SwiftGRPC.framework; sourceTree = "<group>"; };
		0DC64E6823284A2C0053EFAC /* BoringSSL.framework */ = {isa = PBXFileReference; lastKnownFileType = wrapper.framework; name = BoringSSL.framework; path = Carthage/Build/iOS/BoringSSL.framework; sourceTree = "<group>"; };
		0DC64E6923284A2C0053EFAC /* SwiftProtobuf.framework */ = {isa = PBXFileReference; lastKnownFileType = wrapper.framework; name = SwiftProtobuf.framework; path = Carthage/Build/iOS/SwiftProtobuf.framework; sourceTree = "<group>"; };
		0DDF6377232FD02F000F9F01 /* Constants.generated.swift */ = {isa = PBXFileReference; fileEncoding = 4; lastKnownFileType = sourcecode.swift; path = Constants.generated.swift; sourceTree = "<group>"; };
		103AFE85228312A30074BC98 /* ZcashLightClientKit.framework */ = {isa = PBXFileReference; explicitFileType = wrapper.framework; includeInIndex = 0; path = ZcashLightClientKit.framework; sourceTree = BUILT_PRODUCTS_DIR; };
		103AFE88228312A30074BC98 /* ZcashLightClientKit.h */ = {isa = PBXFileReference; lastKnownFileType = sourcecode.c.h; path = ZcashLightClientKit.h; sourceTree = "<group>"; };
		103AFE89228312A30074BC98 /* Info.plist */ = {isa = PBXFileReference; lastKnownFileType = text.plist.xml; path = Info.plist; sourceTree = "<group>"; };
		103AFE8E228312A30074BC98 /* ZcashLightClientKitTests.xctest */ = {isa = PBXFileReference; explicitFileType = wrapper.cfbundle; includeInIndex = 0; path = ZcashLightClientKitTests.xctest; sourceTree = BUILT_PRODUCTS_DIR; };
		103AFE93228312A30074BC98 /* ZcashLightClientKitTests.swift */ = {isa = PBXFileReference; lastKnownFileType = sourcecode.swift; path = ZcashLightClientKitTests.swift; sourceTree = "<group>"; };
		103AFE95228312A30074BC98 /* Info.plist */ = {isa = PBXFileReference; lastKnownFileType = text.plist.xml; path = Info.plist; sourceTree = "<group>"; };
		103AFEA12283166B0074BC98 /* libzcashlc.a */ = {isa = PBXFileReference; lastKnownFileType = archive.ar; name = libzcashlc.a; path = target/universal/debug/libzcashlc.a; sourceTree = "<group>"; };
		103AFEA322831BB00074BC98 /* ZcashRustBackend.swift */ = {isa = PBXFileReference; lastKnownFileType = sourcecode.swift; path = ZcashRustBackend.swift; sourceTree = "<group>"; };
		103AFEA9228320F00074BC98 /* zcashlc.h */ = {isa = PBXFileReference; fileEncoding = 4; lastKnownFileType = sourcecode.c.h; path = zcashlc.h; sourceTree = "<group>"; };
/* End PBXFileReference section */

/* Begin PBXFrameworksBuildPhase section */
		103AFE82228312A30074BC98 /* Frameworks */ = {
			isa = PBXFrameworksBuildPhase;
			buildActionMask = 2147483647;
			files = (
				0DC64E6A23284A2C0053EFAC /* CgRPC.framework in Frameworks */,
				0DC64E6B23284A2C0053EFAC /* SwiftGRPC.framework in Frameworks */,
				0DC64E6C23284A2C0053EFAC /* BoringSSL.framework in Frameworks */,
				0DC64E6D23284A2C0053EFAC /* SwiftProtobuf.framework in Frameworks */,
				103AFEA22283166B0074BC98 /* libzcashlc.a in Frameworks */,
			);
			runOnlyForDeploymentPostprocessing = 0;
		};
		103AFE8B228312A30074BC98 /* Frameworks */ = {
			isa = PBXFrameworksBuildPhase;
			buildActionMask = 2147483647;
			files = (
				103AFE8F228312A30074BC98 /* ZcashLightClientKit.framework in Frameworks */,
				0DB45714232B0AA800057720 /* BoringSSL.framework in Frameworks */,
				0DB45715232B0AA800057720 /* CgRPC.framework in Frameworks */,
				0DB45716232B0AA800057720 /* SwiftGRPC.framework in Frameworks */,
				0DB45717232B0AA800057720 /* SwiftProtobuf.framework in Frameworks */,
			);
			runOnlyForDeploymentPostprocessing = 0;
		};
/* End PBXFrameworksBuildPhase section */

/* Begin PBXGroup section */
		0DA33494232C11C600CAC082 /* Providers */ = {
			isa = PBXGroup;
			children = (
				0DA33495232C11DF00CAC082 /* SeedProvider.swift */,
			);
			path = Providers;
			sourceTree = "<group>";
		};
		0DB456F2232A85D900057720 /* Model */ = {
			isa = PBXGroup;
			children = (
				0DB456F3232A860200057720 /* ZcashCompactBlock.swift */,
			);
			path = Model;
			sourceTree = "<group>";
		};
		0DB456F5232A863700057720 /* Service */ = {
			isa = PBXGroup;
			children = (
				0DB45701232A86EF00057720 /* LightWalletGRPCService.swift */,
				0DB456F2232A85D900057720 /* Model */,
				0DB456F6232A864B00057720 /* ProtoBuf */,
				0DB45712232AEAF200057720 /* LightWalletService.swift */,
			);
			path = Service;
			sourceTree = "<group>";
		};
		0DB456F6232A864B00057720 /* ProtoBuf */ = {
			isa = PBXGroup;
			children = (
				0DB45707232AA70900057720 /* Extensions */,
				0DB456FA232A867800057720 /* compact_formats.pb.swift */,
				0DB4570A232AA84000057720 /* proto */,
				0DB456F9232A867800057720 /* service.grpc.swift */,
				0DB456F8232A867800057720 /* service.pb.swift */,
			);
			path = ProtoBuf;
			sourceTree = "<group>";
		};
		0DB45703232AA03C00057720 /* Storage */ = {
			isa = PBXGroup;
			children = (
				0DB45704232AA06200057720 /* Storage.swift */,
				0DB45710232ADD4B00057720 /* CompactBlockStoring.swift */,
			);
			path = Storage;
			sourceTree = "<group>";
		};
		0DB45707232AA70900057720 /* Extensions */ = {
			isa = PBXGroup;
			children = (
				0DB45708232AA81200057720 /* Protocolbuffer+Extensions.swift */,
			);
			path = Extensions;
			sourceTree = "<group>";
		};
		0DB4570A232AA84000057720 /* proto */ = {
			isa = PBXGroup;
			children = (
				0DB456FB232A867800057720 /* compact_formats.proto */,
				0DB456F7232A867800057720 /* service.proto */,
			);
			path = proto;
			sourceTree = "<group>";
		};
		0DB4570B232ACD1700057720 /* Rust */ = {
			isa = PBXGroup;
			children = (
				103AFEA322831BB00074BC98 /* ZcashRustBackend.swift */,
				0DB4570C232ACD3100057720 /* ZcashRustBackendWelding.swift */,
			);
			path = Rust;
			sourceTree = "<group>";
		};
		103AFE7B228312A30074BC98 = {
			isa = PBXGroup;
			children = (
				0DB45706232AA6AF00057720 /* ZcashLightClientKit.modulemap */,
				103AFE87228312A30074BC98 /* ZcashLightClientKit */,
				103AFE92228312A30074BC98 /* ZcashLightClientKitTests */,
				103AFE86228312A30074BC98 /* Products */,
				103AFEA02283166B0074BC98 /* Frameworks */,
			);
			sourceTree = "<group>";
		};
		103AFE86228312A30074BC98 /* Products */ = {
			isa = PBXGroup;
			children = (
				103AFE85228312A30074BC98 /* ZcashLightClientKit.framework */,
				103AFE8E228312A30074BC98 /* ZcashLightClientKitTests.xctest */,
			);
			name = Products;
			sourceTree = "<group>";
		};
		103AFE87228312A30074BC98 /* ZcashLightClientKit */ = {
			isa = PBXGroup;
			children = (
				0DA33494232C11C600CAC082 /* Providers */,
				0DB45703232AA03C00057720 /* Storage */,
				0DB456F5232A863700057720 /* Service */,
				103AFEA7228320F00074BC98 /* zcashlc */,
				103AFE88228312A30074BC98 /* ZcashLightClientKit.h */,
				0DB4570B232ACD1700057720 /* Rust */,
				103AFE89228312A30074BC98 /* Info.plist */,
				0DA33492232C0BC200CAC082 /* Wallet.swift */,
				0DA33497232C1A8200CAC082 /* Constants.swift */,
			);
			path = ZcashLightClientKit;
			sourceTree = "<group>";
		};
		103AFE92228312A30074BC98 /* ZcashLightClientKitTests */ = {
			isa = PBXGroup;
			children = (
				0DDF6377232FD02F000F9F01 /* Constants.generated.swift */,
				103AFE93228312A30074BC98 /* ZcashLightClientKitTests.swift */,
				0B45933C22C612CB002A66BA /* ZcashRustBackendTests.swift */,
				0DA33499232C1B6F00CAC082 /* WalletTests.swift */,
				103AFE95228312A30074BC98 /* Info.plist */,
			);
			path = ZcashLightClientKitTests;
			sourceTree = "<group>";
		};
		103AFEA02283166B0074BC98 /* Frameworks */ = {
			isa = PBXGroup;
			children = (
				0DC64E6823284A2C0053EFAC /* BoringSSL.framework */,
				0DC64E6623284A2C0053EFAC /* CgRPC.framework */,
				0DC64E6723284A2C0053EFAC /* SwiftGRPC.framework */,
				0DC64E6923284A2C0053EFAC /* SwiftProtobuf.framework */,
				103AFEA12283166B0074BC98 /* libzcashlc.a */,
			);
			name = Frameworks;
			sourceTree = "<group>";
		};
		103AFEA7228320F00074BC98 /* zcashlc */ = {
			isa = PBXGroup;
			children = (
				103AFEA9228320F00074BC98 /* zcashlc.h */,
			);
			path = zcashlc;
			sourceTree = "<group>";
		};
/* End PBXGroup section */

/* Begin PBXHeadersBuildPhase section */
		103AFE80228312A30074BC98 /* Headers */ = {
			isa = PBXHeadersBuildPhase;
			buildActionMask = 2147483647;
			files = (
				103AFE96228312A30074BC98 /* ZcashLightClientKit.h in Headers */,
				103AFEAA228320F00074BC98 /* zcashlc.h in Headers */,
			);
			runOnlyForDeploymentPostprocessing = 0;
		};
/* End PBXHeadersBuildPhase section */

/* Begin PBXNativeTarget section */
		103AFE84228312A30074BC98 /* ZcashLightClientKit */ = {
			isa = PBXNativeTarget;
			buildConfigurationList = 103AFE99228312A30074BC98 /* Build configuration list for PBXNativeTarget "ZcashLightClientKit" */;
			buildPhases = (
				103AFE80228312A30074BC98 /* Headers */,
				103AFE9F2283152F0074BC98 /* ShellScript */,
				103AFE81228312A30074BC98 /* Sources */,
				103AFE82228312A30074BC98 /* Frameworks */,
				103AFE83228312A30074BC98 /* Resources */,
				0DC64E65232848F10053EFAC /* ShellScript */,
			);
			buildRules = (
			);
			dependencies = (
			);
			name = ZcashLightClientKit;
			productName = ZcashLightClientKit;
			productReference = 103AFE85228312A30074BC98 /* ZcashLightClientKit.framework */;
			productType = "com.apple.product-type.framework";
		};
		103AFE8D228312A30074BC98 /* ZcashLightClientKitTests */ = {
			isa = PBXNativeTarget;
			buildConfigurationList = 103AFE9C228312A30074BC98 /* Build configuration list for PBXNativeTarget "ZcashLightClientKitTests" */;
			buildPhases = (
				0DDF6379232FD0B4000F9F01 /* ShellScript */,
				103AFE8A228312A30074BC98 /* Sources */,
				103AFE8B228312A30074BC98 /* Frameworks */,
				103AFE8C228312A30074BC98 /* Resources */,
				0D35E05E2330007B00D5901F /* ShellScript */,
			);
			buildRules = (
			);
			dependencies = (
				103AFE91228312A30074BC98 /* PBXTargetDependency */,
			);
			name = ZcashLightClientKitTests;
			productName = ZcashLightClientKitTests;
			productReference = 103AFE8E228312A30074BC98 /* ZcashLightClientKitTests.xctest */;
			productType = "com.apple.product-type.bundle.unit-test";
		};
/* End PBXNativeTarget section */

/* Begin PBXProject section */
		103AFE7C228312A30074BC98 /* Project object */ = {
			isa = PBXProject;
			attributes = {
				LastSwiftUpdateCheck = 1020;
				LastUpgradeCheck = 1020;
				ORGANIZATIONNAME = "Electric Coin Company";
				TargetAttributes = {
					103AFE84228312A30074BC98 = {
						CreatedOnToolsVersion = 10.2.1;
						LastSwiftMigration = 1020;
					};
					103AFE8D228312A30074BC98 = {
						CreatedOnToolsVersion = 10.2.1;
					};
				};
			};
			buildConfigurationList = 103AFE7F228312A30074BC98 /* Build configuration list for PBXProject "ZcashLightClientKit" */;
			compatibilityVersion = "Xcode 9.3";
			developmentRegion = en;
			hasScannedForEncodings = 0;
			knownRegions = (
				en,
			);
			mainGroup = 103AFE7B228312A30074BC98;
			productRefGroup = 103AFE86228312A30074BC98 /* Products */;
			projectDirPath = "";
			projectRoot = "";
			targets = (
				103AFE84228312A30074BC98 /* ZcashLightClientKit */,
				103AFE8D228312A30074BC98 /* ZcashLightClientKitTests */,
			);
		};
/* End PBXProject section */

/* Begin PBXResourcesBuildPhase section */
		103AFE83228312A30074BC98 /* Resources */ = {
			isa = PBXResourcesBuildPhase;
			buildActionMask = 2147483647;
			files = (
			);
			runOnlyForDeploymentPostprocessing = 0;
		};
		103AFE8C228312A30074BC98 /* Resources */ = {
			isa = PBXResourcesBuildPhase;
			buildActionMask = 2147483647;
			files = (
			);
			runOnlyForDeploymentPostprocessing = 0;
		};
/* End PBXResourcesBuildPhase section */

/* Begin PBXShellScriptBuildPhase section */
		0D35E05E2330007B00D5901F /* ShellScript */ = {
			isa = PBXShellScriptBuildPhase;
			buildActionMask = 2147483647;
			files = (
			);
			inputFileListPaths = (
				"$(SRCROOT)/filelists/input.xcfilelist",
			);
			inputPaths = (
			);
			outputFileListPaths = (
				"$(SRCROOT)/filelists/output.xcfilelist",
			);
			outputPaths = (
			);
			runOnlyForDeploymentPostprocessing = 0;
			shellPath = /bin/sh;
			shellScript = "/usr/local/bin/carthage copy-frameworks\n";
		};
		0DC64E65232848F10053EFAC /* ShellScript */ = {
			isa = PBXShellScriptBuildPhase;
			buildActionMask = 2147483647;
			files = (
			);
			inputFileListPaths = (
				"$(SRCROOT)/filelists/input.xcfilelist",
			);
			inputPaths = (
			);
			outputFileListPaths = (
				"$(SRCROOT)/filelists/output.xcfilelist",
			);
			outputPaths = (
			);
			runOnlyForDeploymentPostprocessing = 0;
			shellPath = /bin/sh;
			shellScript = "/usr/local/bin/carthage copy-frameworks\n";
		};
		0DDF6379232FD0B4000F9F01 /* ShellScript */ = {
			isa = PBXShellScriptBuildPhase;
			buildActionMask = 2147483647;
			files = (
			);
			inputFileListPaths = (
			);
			inputPaths = (
			);
			outputFileListPaths = (
			);
			outputPaths = (
				"$(SRCROOT)/Constants.generated.swift",
			);
			runOnlyForDeploymentPostprocessing = 0;
			shellPath = /bin/sh;
			shellScript = "#check if env-vars.sh exists\nif [ -f ${SRCROOT}/env-vars.sh ];then\nsource ${SRCROOT}/env-vars.sh\nfi\n\nexport ZCASH_TEST_SRC_PATH=\"${SRCROOT}/ZcashLightClientKitTests\"\nif ![ ${LIGHTWALLETD_ADDRESS} ]; then\n echo \"LIGHTWALLETD_ADDRESS VARIABLE NOT DEFINED\"\n exit 1\nfi\necho \"export ZCASH_TEST_SRC_PATH=$ZCASH_TEST_SRC_PATH\"\n#no `else` case needed if the CI works as expecteds\nsourcery --templates ${ZCASH_TEST_SRC_PATH}  --sources ${ZCASH_TEST_SRC_PATH} --output ${ZCASH_TEST_SRC_PATH} --args addr=$LIGHTWALLETD_ADDRESS\n";
		};
		103AFE9F2283152F0074BC98 /* ShellScript */ = {
			isa = PBXShellScriptBuildPhase;
			buildActionMask = 2147483647;
			files = (
			);
			inputFileListPaths = (
			);
			inputPaths = (
				"$(SRCROOT)/Cargo.toml",
			);
			outputFileListPaths = (
			);
			outputPaths = (
			);
			runOnlyForDeploymentPostprocessing = 0;
			shellPath = /bin/sh;
			shellScript = "export PATH=\"$HOME/.cargo/bin:$PATH\"\nif [ \"$ACTION\" = \"clean\" ]; then\n    cargo clean\nelse\n    cargo lipo --xcode-integ --manifest-path ./Cargo.toml\nfi\n";
		};
/* End PBXShellScriptBuildPhase section */

/* Begin PBXSourcesBuildPhase section */
		103AFE81228312A30074BC98 /* Sources */ = {
			isa = PBXSourcesBuildPhase;
			buildActionMask = 2147483647;
			files = (
				0DA33493232C0BC200CAC082 /* Wallet.swift in Sources */,
				0DB45713232AEAF200057720 /* LightWalletService.swift in Sources */,
				0DB456FD232A867800057720 /* service.pb.swift in Sources */,
				0DB45702232A86EF00057720 /* LightWalletGRPCService.swift in Sources */,
				0DA33496232C11DF00CAC082 /* SeedProvider.swift in Sources */,
				0DB456FE232A867800057720 /* service.grpc.swift in Sources */,
				103AFEA422831BB00074BC98 /* ZcashRustBackend.swift in Sources */,
				0DB45709232AA81200057720 /* Protocolbuffer+Extensions.swift in Sources */,
				0DB4570D232ACD3100057720 /* ZcashRustBackendWelding.swift in Sources */,
				0DB45711232ADD4B00057720 /* CompactBlockStoring.swift in Sources */,
				0DB45705232AA06200057720 /* Storage.swift in Sources */,
				0DA33498232C1A8200CAC082 /* Constants.swift in Sources */,
				0DB456FF232A867800057720 /* compact_formats.pb.swift in Sources */,
				0DB456F4232A860200057720 /* ZcashCompactBlock.swift in Sources */,
			);
			runOnlyForDeploymentPostprocessing = 0;
		};
		103AFE8A228312A30074BC98 /* Sources */ = {
			isa = PBXSourcesBuildPhase;
			buildActionMask = 2147483647;
			files = (
				0B45933D22C612CB002A66BA /* ZcashRustBackendTests.swift in Sources */,
				0DA3349A232C1B6F00CAC082 /* WalletTests.swift in Sources */,
				0DDF6378232FD02F000F9F01 /* Constants.generated.swift in Sources */,
				103AFE94228312A30074BC98 /* ZcashLightClientKitTests.swift in Sources */,
			);
			runOnlyForDeploymentPostprocessing = 0;
		};
/* End PBXSourcesBuildPhase section */

/* Begin PBXTargetDependency section */
		103AFE91228312A30074BC98 /* PBXTargetDependency */ = {
			isa = PBXTargetDependency;
			target = 103AFE84228312A30074BC98 /* ZcashLightClientKit */;
			targetProxy = 103AFE90228312A30074BC98 /* PBXContainerItemProxy */;
		};
/* End PBXTargetDependency section */

/* Begin XCBuildConfiguration section */
		103AFE97228312A30074BC98 /* Debug */ = {
			isa = XCBuildConfiguration;
			buildSettings = {
				ALWAYS_SEARCH_USER_PATHS = NO;
				CLANG_ANALYZER_NONNULL = YES;
				CLANG_ANALYZER_NUMBER_OBJECT_CONVERSION = YES_AGGRESSIVE;
				CLANG_CXX_LANGUAGE_STANDARD = "gnu++14";
				CLANG_CXX_LIBRARY = "libc++";
				CLANG_ENABLE_MODULES = YES;
				CLANG_ENABLE_OBJC_ARC = YES;
				CLANG_ENABLE_OBJC_WEAK = YES;
				CLANG_WARN_BLOCK_CAPTURE_AUTORELEASING = YES;
				CLANG_WARN_BOOL_CONVERSION = YES;
				CLANG_WARN_COMMA = YES;
				CLANG_WARN_CONSTANT_CONVERSION = YES;
				CLANG_WARN_DEPRECATED_OBJC_IMPLEMENTATIONS = YES;
				CLANG_WARN_DIRECT_OBJC_ISA_USAGE = YES_ERROR;
				CLANG_WARN_DOCUMENTATION_COMMENTS = YES;
				CLANG_WARN_EMPTY_BODY = YES;
				CLANG_WARN_ENUM_CONVERSION = YES;
				CLANG_WARN_INFINITE_RECURSION = YES;
				CLANG_WARN_INT_CONVERSION = YES;
				CLANG_WARN_NON_LITERAL_NULL_CONVERSION = YES;
				CLANG_WARN_OBJC_IMPLICIT_RETAIN_SELF = YES;
				CLANG_WARN_OBJC_LITERAL_CONVERSION = YES;
				CLANG_WARN_OBJC_ROOT_CLASS = YES_ERROR;
				CLANG_WARN_RANGE_LOOP_ANALYSIS = YES;
				CLANG_WARN_STRICT_PROTOTYPES = YES;
				CLANG_WARN_SUSPICIOUS_MOVE = YES;
				CLANG_WARN_UNGUARDED_AVAILABILITY = YES_AGGRESSIVE;
				CLANG_WARN_UNREACHABLE_CODE = YES;
				CLANG_WARN__DUPLICATE_METHOD_MATCH = YES;
				CODE_SIGN_IDENTITY = "iPhone Developer";
				COPY_PHASE_STRIP = NO;
				CURRENT_PROJECT_VERSION = 1;
				DEBUG_INFORMATION_FORMAT = dwarf;
				ENABLE_STRICT_OBJC_MSGSEND = YES;
				ENABLE_TESTABILITY = YES;
				GCC_C_LANGUAGE_STANDARD = gnu11;
				GCC_DYNAMIC_NO_PIC = NO;
				GCC_NO_COMMON_BLOCKS = YES;
				GCC_OPTIMIZATION_LEVEL = 0;
				GCC_PREPROCESSOR_DEFINITIONS = (
					"DEBUG=1",
					"$(inherited)",
				);
				GCC_WARN_64_TO_32_BIT_CONVERSION = YES;
				GCC_WARN_ABOUT_RETURN_TYPE = YES_ERROR;
				GCC_WARN_UNDECLARED_SELECTOR = YES;
				GCC_WARN_UNINITIALIZED_AUTOS = YES_AGGRESSIVE;
				GCC_WARN_UNUSED_FUNCTION = YES;
				GCC_WARN_UNUSED_VARIABLE = YES;
				IPHONEOS_DEPLOYMENT_TARGET = 12.2;
				MTL_ENABLE_DEBUG_INFO = INCLUDE_SOURCE;
				MTL_FAST_MATH = YES;
				ONLY_ACTIVE_ARCH = YES;
				SDKROOT = iphoneos;
				SWIFT_ACTIVE_COMPILATION_CONDITIONS = DEBUG;
				SWIFT_OPTIMIZATION_LEVEL = "-Onone";
				VERSIONING_SYSTEM = "apple-generic";
				VERSION_INFO_PREFIX = "";
			};
			name = Debug;
		};
		103AFE98228312A30074BC98 /* Release */ = {
			isa = XCBuildConfiguration;
			buildSettings = {
				ALWAYS_SEARCH_USER_PATHS = NO;
				CLANG_ANALYZER_NONNULL = YES;
				CLANG_ANALYZER_NUMBER_OBJECT_CONVERSION = YES_AGGRESSIVE;
				CLANG_CXX_LANGUAGE_STANDARD = "gnu++14";
				CLANG_CXX_LIBRARY = "libc++";
				CLANG_ENABLE_MODULES = YES;
				CLANG_ENABLE_OBJC_ARC = YES;
				CLANG_ENABLE_OBJC_WEAK = YES;
				CLANG_WARN_BLOCK_CAPTURE_AUTORELEASING = YES;
				CLANG_WARN_BOOL_CONVERSION = YES;
				CLANG_WARN_COMMA = YES;
				CLANG_WARN_CONSTANT_CONVERSION = YES;
				CLANG_WARN_DEPRECATED_OBJC_IMPLEMENTATIONS = YES;
				CLANG_WARN_DIRECT_OBJC_ISA_USAGE = YES_ERROR;
				CLANG_WARN_DOCUMENTATION_COMMENTS = YES;
				CLANG_WARN_EMPTY_BODY = YES;
				CLANG_WARN_ENUM_CONVERSION = YES;
				CLANG_WARN_INFINITE_RECURSION = YES;
				CLANG_WARN_INT_CONVERSION = YES;
				CLANG_WARN_NON_LITERAL_NULL_CONVERSION = YES;
				CLANG_WARN_OBJC_IMPLICIT_RETAIN_SELF = YES;
				CLANG_WARN_OBJC_LITERAL_CONVERSION = YES;
				CLANG_WARN_OBJC_ROOT_CLASS = YES_ERROR;
				CLANG_WARN_RANGE_LOOP_ANALYSIS = YES;
				CLANG_WARN_STRICT_PROTOTYPES = YES;
				CLANG_WARN_SUSPICIOUS_MOVE = YES;
				CLANG_WARN_UNGUARDED_AVAILABILITY = YES_AGGRESSIVE;
				CLANG_WARN_UNREACHABLE_CODE = YES;
				CLANG_WARN__DUPLICATE_METHOD_MATCH = YES;
				CODE_SIGN_IDENTITY = "iPhone Developer";
				COPY_PHASE_STRIP = NO;
				CURRENT_PROJECT_VERSION = 1;
				DEBUG_INFORMATION_FORMAT = "dwarf-with-dsym";
				ENABLE_NS_ASSERTIONS = NO;
				ENABLE_STRICT_OBJC_MSGSEND = YES;
				GCC_C_LANGUAGE_STANDARD = gnu11;
				GCC_NO_COMMON_BLOCKS = YES;
				GCC_WARN_64_TO_32_BIT_CONVERSION = YES;
				GCC_WARN_ABOUT_RETURN_TYPE = YES_ERROR;
				GCC_WARN_UNDECLARED_SELECTOR = YES;
				GCC_WARN_UNINITIALIZED_AUTOS = YES_AGGRESSIVE;
				GCC_WARN_UNUSED_FUNCTION = YES;
				GCC_WARN_UNUSED_VARIABLE = YES;
				IPHONEOS_DEPLOYMENT_TARGET = 12.2;
				MTL_ENABLE_DEBUG_INFO = NO;
				MTL_FAST_MATH = YES;
				SDKROOT = iphoneos;
				SWIFT_COMPILATION_MODE = wholemodule;
				SWIFT_OPTIMIZATION_LEVEL = "-O";
				VALIDATE_PRODUCT = YES;
				VERSIONING_SYSTEM = "apple-generic";
				VERSION_INFO_PREFIX = "";
			};
			name = Release;
		};
		103AFE9A228312A30074BC98 /* Debug */ = {
			isa = XCBuildConfiguration;
			buildSettings = {
				CLANG_ENABLE_MODULES = YES;
				CODE_SIGN_IDENTITY = "";
				CODE_SIGN_STYLE = Automatic;
				DEFINES_MODULE = YES;
				DYLIB_COMPATIBILITY_VERSION = 1;
				DYLIB_CURRENT_VERSION = 1;
				DYLIB_INSTALL_NAME_BASE = "@rpath";
				ENABLE_BITCODE = NO;
				FRAMEWORK_SEARCH_PATHS = "$(PROJECT_DIR)/Carthage/Build/iOS";
				HEADER_SEARCH_PATHS = "";
				INFOPLIST_FILE = ZcashLightClientKit/Info.plist;
				INSTALL_PATH = "$(LOCAL_LIBRARY_DIR)/Frameworks";
				LD_RUNPATH_SEARCH_PATHS = (
					"$(inherited)",
					"@executable_path/Frameworks",
					"@loader_path/Frameworks",
				);
				LIBRARY_SEARCH_PATHS = (
					"$(inherited)",
					"$(PROJECT_DIR)/target/universal/debug",
				);
				MODULEMAP_FILE = "$(SRCROOT)/ZcashLightClientKit.modulemap";
				PRODUCT_BUNDLE_IDENTIFIER = co.electriccoin.ZcashLightClientKit;
				PRODUCT_NAME = "$(TARGET_NAME:c99extidentifier)";
				SKIP_INSTALL = YES;
				SWIFT_INCLUDE_PATHS = "${SRCROOT}/ZcashLightClientKit/zcashlc";
				SWIFT_OPTIMIZATION_LEVEL = "-Onone";
				SWIFT_VERSION = 5.0;
				TARGETED_DEVICE_FAMILY = "1,2";
				USER_HEADER_SEARCH_PATHS = "";
			};
			name = Debug;
		};
		103AFE9B228312A30074BC98 /* Release */ = {
			isa = XCBuildConfiguration;
			buildSettings = {
				CLANG_ENABLE_MODULES = YES;
				CODE_SIGN_IDENTITY = "";
				CODE_SIGN_STYLE = Automatic;
				DEFINES_MODULE = YES;
				DYLIB_COMPATIBILITY_VERSION = 1;
				DYLIB_CURRENT_VERSION = 1;
				DYLIB_INSTALL_NAME_BASE = "@rpath";
				ENABLE_BITCODE = NO;
				FRAMEWORK_SEARCH_PATHS = "$(PROJECT_DIR)/Carthage/Build/iOS";
				HEADER_SEARCH_PATHS = "";
				INFOPLIST_FILE = ZcashLightClientKit/Info.plist;
				INSTALL_PATH = "$(LOCAL_LIBRARY_DIR)/Frameworks";
				LD_RUNPATH_SEARCH_PATHS = (
					"$(inherited)",
					"@executable_path/Frameworks",
					"@loader_path/Frameworks",
				);
				LIBRARY_SEARCH_PATHS = (
					"$(inherited)",
					"$(PROJECT_DIR)/target/universal/release",
				);
				MODULEMAP_FILE = "$(SRCROOT)/ZcashLightClientKit.modulemap";
				PRODUCT_BUNDLE_IDENTIFIER = co.electriccoin.ZcashLightClientKit;
				PRODUCT_NAME = "$(TARGET_NAME:c99extidentifier)";
				SKIP_INSTALL = YES;
				SWIFT_INCLUDE_PATHS = "${SRCROOT}/ZcashLightClientKit/zcashlc";
				SWIFT_VERSION = 5.0;
				TARGETED_DEVICE_FAMILY = "1,2";
				USER_HEADER_SEARCH_PATHS = "";
			};
			name = Release;
		};
		103AFE9D228312A30074BC98 /* Debug */ = {
			isa = XCBuildConfiguration;
			buildSettings = {
				ALWAYS_EMBED_SWIFT_STANDARD_LIBRARIES = YES;
				CODE_SIGN_STYLE = Automatic;
				FRAMEWORK_SEARCH_PATHS = (
					"$(inherited)",
					"$(PROJECT_DIR)/Carthage/Build/iOS",
				);
				INFOPLIST_FILE = ZcashLightClientKitTests/Info.plist;
				LD_RUNPATH_SEARCH_PATHS = (
					"$(inherited)",
					"@executable_path/Frameworks",
					"@loader_path/Frameworks",
				);
				PRODUCT_BUNDLE_IDENTIFIER = co.electriccoin.ZcashLightClientKitTests;
				PRODUCT_NAME = "$(TARGET_NAME)";
				SWIFT_VERSION = 5.0;
				TARGETED_DEVICE_FAMILY = "1,2";
			};
			name = Debug;
		};
		103AFE9E228312A30074BC98 /* Release */ = {
			isa = XCBuildConfiguration;
			buildSettings = {
				ALWAYS_EMBED_SWIFT_STANDARD_LIBRARIES = YES;
				CODE_SIGN_STYLE = Automatic;
				FRAMEWORK_SEARCH_PATHS = (
					"$(inherited)",
					"$(PROJECT_DIR)/Carthage/Build/iOS",
				);
				INFOPLIST_FILE = ZcashLightClientKitTests/Info.plist;
				LD_RUNPATH_SEARCH_PATHS = (
					"$(inherited)",
					"@executable_path/Frameworks",
					"@loader_path/Frameworks",
				);
				PRODUCT_BUNDLE_IDENTIFIER = co.electriccoin.ZcashLightClientKitTests;
				PRODUCT_NAME = "$(TARGET_NAME)";
				SWIFT_VERSION = 5.0;
				TARGETED_DEVICE_FAMILY = "1,2";
			};
			name = Release;
		};
/* End XCBuildConfiguration section */

/* Begin XCConfigurationList section */
		103AFE7F228312A30074BC98 /* Build configuration list for PBXProject "ZcashLightClientKit" */ = {
			isa = XCConfigurationList;
			buildConfigurations = (
				103AFE97228312A30074BC98 /* Debug */,
				103AFE98228312A30074BC98 /* Release */,
			);
			defaultConfigurationIsVisible = 0;
			defaultConfigurationName = Release;
		};
		103AFE99228312A30074BC98 /* Build configuration list for PBXNativeTarget "ZcashLightClientKit" */ = {
			isa = XCConfigurationList;
			buildConfigurations = (
				103AFE9A228312A30074BC98 /* Debug */,
				103AFE9B228312A30074BC98 /* Release */,
			);
			defaultConfigurationIsVisible = 0;
			defaultConfigurationName = Release;
		};
		103AFE9C228312A30074BC98 /* Build configuration list for PBXNativeTarget "ZcashLightClientKitTests" */ = {
			isa = XCConfigurationList;
			buildConfigurations = (
				103AFE9D228312A30074BC98 /* Debug */,
				103AFE9E228312A30074BC98 /* Release */,
			);
			defaultConfigurationIsVisible = 0;
			defaultConfigurationName = Release;
		};
/* End XCConfigurationList section */
	};
	rootObject = 103AFE7C228312A30074BC98 /* Project object */;
}
